// !$*UTF8*$!
{
	archiveVersion = 1;
	classes = {
	};
	objectVersion = 46;
	objects = {

/* Begin PBXBuildFile section */
		DD13A9B51D73C69800EB830C /* Brewery.swift in Sources */ = {isa = PBXBuildFile; fileRef = DD13A9B01D73C69800EB830C /* Brewery.swift */; };
		DD13A9B61D73C69800EB830C /* Draft.swift in Sources */ = {isa = PBXBuildFile; fileRef = DD13A9B11D73C69800EB830C /* Draft.swift */; };
		DD13A9B71D73C69800EB830C /* Factory.swift in Sources */ = {isa = PBXBuildFile; fileRef = DD13A9B21D73C69800EB830C /* Factory.swift */; };
		DD13A9B81D73C69800EB830C /* MakingFactoryInstance.swift in Sources */ = {isa = PBXBuildFile; fileRef = DD13A9B31D73C69800EB830C /* MakingFactoryInstance.swift */; };
		DD13A9B91D73C69800EB830C /* ParentClass.swift in Sources */ = {isa = PBXBuildFile; fileRef = DD13A9B41D73C69800EB830C /* ParentClass.swift */; };
		DD13A9BB1D73C85500EB830C /* DraftDetailTableViewController.swift in Sources */ = {isa = PBXBuildFile; fileRef = DD13A9BA1D73C85500EB830C /* DraftDetailTableViewController.swift */; };
		DD13A9BD1D73C88700EB830C /* ProfileTableViewCell.swift in Sources */ = {isa = PBXBuildFile; fileRef = DD13A9BC1D73C88700EB830C /* ProfileTableViewCell.swift */; };
		DD13A9BF1D73C89A00EB830C /* OfficeTimeTableViewCell.swift in Sources */ = {isa = PBXBuildFile; fileRef = DD13A9BE1D73C89A00EB830C /* OfficeTimeTableViewCell.swift */; };
		DD13A9C11D73C8B100EB830C /* DraftBeerTableViewCell.swift in Sources */ = {isa = PBXBuildFile; fileRef = DD13A9C01D73C8B100EB830C /* DraftBeerTableViewCell.swift */; };
		DD13A9C31D73C8CE00EB830C /* BottleBeerTableViewCell.swift in Sources */ = {isa = PBXBuildFile; fileRef = DD13A9C21D73C8CE00EB830C /* BottleBeerTableViewCell.swift */; };
		DDD15EC41D66D9000050D862 /* AppDelegate.swift in Sources */ = {isa = PBXBuildFile; fileRef = DDD15EC31D66D9000050D862 /* AppDelegate.swift */; };
		DDD15EC61D66D9000050D862 /* ViewController.swift in Sources */ = {isa = PBXBuildFile; fileRef = DDD15EC51D66D9000050D862 /* ViewController.swift */; };
		DDD15EC91D66D9000050D862 /* Main.storyboard in Resources */ = {isa = PBXBuildFile; fileRef = DDD15EC71D66D9000050D862 /* Main.storyboard */; };
		DDD15ECB1D66D9000050D862 /* Assets.xcassets in Resources */ = {isa = PBXBuildFile; fileRef = DDD15ECA1D66D9000050D862 /* Assets.xcassets */; };
		DDD15ECE1D66D9000050D862 /* LaunchScreen.storyboard in Resources */ = {isa = PBXBuildFile; fileRef = DDD15ECC1D66D9000050D862 /* LaunchScreen.storyboard */; };
/* End PBXBuildFile section */

/* Begin PBXFileReference section */
		DD13A9B01D73C69800EB830C /* Brewery.swift */ = {isa = PBXFileReference; fileEncoding = 4; lastKnownFileType = sourcecode.swift; path = Brewery.swift; sourceTree = "<group>"; };
		DD13A9B11D73C69800EB830C /* Draft.swift */ = {isa = PBXFileReference; fileEncoding = 4; lastKnownFileType = sourcecode.swift; path = Draft.swift; sourceTree = "<group>"; };
		DD13A9B21D73C69800EB830C /* Factory.swift */ = {isa = PBXFileReference; fileEncoding = 4; lastKnownFileType = sourcecode.swift; path = Factory.swift; sourceTree = "<group>"; };
		DD13A9B31D73C69800EB830C /* MakingFactoryInstance.swift */ = {isa = PBXFileReference; fileEncoding = 4; lastKnownFileType = sourcecode.swift; path = MakingFactoryInstance.swift; sourceTree = "<group>"; };
		DD13A9B41D73C69800EB830C /* ParentClass.swift */ = {isa = PBXFileReference; fileEncoding = 4; lastKnownFileType = sourcecode.swift; path = ParentClass.swift; sourceTree = "<group>"; };
		DD13A9BA1D73C85500EB830C /* DraftDetailTableViewController.swift */ = {isa = PBXFileReference; fileEncoding = 4; lastKnownFileType = sourcecode.swift; path = DraftDetailTableViewController.swift; sourceTree = "<group>"; };
		DD13A9BC1D73C88700EB830C /* ProfileTableViewCell.swift */ = {isa = PBXFileReference; fileEncoding = 4; lastKnownFileType = sourcecode.swift; path = ProfileTableViewCell.swift; sourceTree = "<group>"; };
		DD13A9BE1D73C89A00EB830C /* OfficeTimeTableViewCell.swift */ = {isa = PBXFileReference; fileEncoding = 4; lastKnownFileType = sourcecode.swift; path = OfficeTimeTableViewCell.swift; sourceTree = "<group>"; };
		DD13A9C01D73C8B100EB830C /* DraftBeerTableViewCell.swift */ = {isa = PBXFileReference; fileEncoding = 4; lastKnownFileType = sourcecode.swift; path = DraftBeerTableViewCell.swift; sourceTree = "<group>"; };
		DD13A9C21D73C8CE00EB830C /* BottleBeerTableViewCell.swift */ = {isa = PBXFileReference; fileEncoding = 4; lastKnownFileType = sourcecode.swift; path = BottleBeerTableViewCell.swift; sourceTree = "<group>"; };
		DDD15EC01D66D9000050D862 /* CustomizedTableTest.app */ = {isa = PBXFileReference; explicitFileType = wrapper.application; includeInIndex = 0; path = CustomizedTableTest.app; sourceTree = BUILT_PRODUCTS_DIR; };
		DDD15EC31D66D9000050D862 /* AppDelegate.swift */ = {isa = PBXFileReference; lastKnownFileType = sourcecode.swift; path = AppDelegate.swift; sourceTree = "<group>"; };
		DDD15EC51D66D9000050D862 /* ViewController.swift */ = {isa = PBXFileReference; lastKnownFileType = sourcecode.swift; path = ViewController.swift; sourceTree = "<group>"; };
		DDD15EC81D66D9000050D862 /* Base */ = {isa = PBXFileReference; lastKnownFileType = file.storyboard; name = Base; path = Base.lproj/Main.storyboard; sourceTree = "<group>"; };
		DDD15ECA1D66D9000050D862 /* Assets.xcassets */ = {isa = PBXFileReference; lastKnownFileType = folder.assetcatalog; path = Assets.xcassets; sourceTree = "<group>"; };
		DDD15ECD1D66D9000050D862 /* Base */ = {isa = PBXFileReference; lastKnownFileType = file.storyboard; name = Base; path = Base.lproj/LaunchScreen.storyboard; sourceTree = "<group>"; };
		DDD15ECF1D66D9000050D862 /* Info.plist */ = {isa = PBXFileReference; lastKnownFileType = text.plist.xml; path = Info.plist; sourceTree = "<group>"; };
/* End PBXFileReference section */

/* Begin PBXFrameworksBuildPhase section */
		DDD15EBD1D66D9000050D862 /* Frameworks */ = {
			isa = PBXFrameworksBuildPhase;
			buildActionMask = 2147483647;
			files = (
			);
			runOnlyForDeploymentPostprocessing = 0;
		};
/* End PBXFrameworksBuildPhase section */

/* Begin PBXGroup section */
		DDD15EB71D66D9000050D862 = {
			isa = PBXGroup;
			children = (
				DDD15EC21D66D9000050D862 /* CustomizedTableTest */,
				DDD15EC11D66D9000050D862 /* Products */,
			);
			sourceTree = "<group>";
		};
		DDD15EC11D66D9000050D862 /* Products */ = {
			isa = PBXGroup;
			children = (
				DDD15EC01D66D9000050D862 /* CustomizedTableTest.app */,
			);
			name = Products;
			sourceTree = "<group>";
		};
		DDD15EC21D66D9000050D862 /* CustomizedTableTest */ = {
			isa = PBXGroup;
			children = (
				DD13A9B01D73C69800EB830C /* Brewery.swift */,
				DD13A9B11D73C69800EB830C /* Draft.swift */,
				DD13A9B21D73C69800EB830C /* Factory.swift */,
				DD13A9B31D73C69800EB830C /* MakingFactoryInstance.swift */,
				DD13A9B41D73C69800EB830C /* ParentClass.swift */,
				DDD15EC71D66D9000050D862 /* Main.storyboard */,
				DD13A9BE1D73C89A00EB830C /* OfficeTimeTableViewCell.swift */,
				DD13A9C01D73C8B100EB830C /* DraftBeerTableViewCell.swift */,
				DD13A9C21D73C8CE00EB830C /* BottleBeerTableViewCell.swift */,
				DD13A9BC1D73C88700EB830C /* ProfileTableViewCell.swift */,
				DD13A9BA1D73C85500EB830C /* DraftDetailTableViewController.swift */,
				DDD15EC31D66D9000050D862 /* AppDelegate.swift */,
				DDD15EC51D66D9000050D862 /* ViewController.swift */,
				DDD15ECA1D66D9000050D862 /* Assets.xcassets */,
				DDD15ECC1D66D9000050D862 /* LaunchScreen.storyboard */,
				DDD15ECF1D66D9000050D862 /* Info.plist */,
			);
			path = CustomizedTableTest;
			sourceTree = "<group>";
		};
/* End PBXGroup section */

/* Begin PBXNativeTarget section */
		DDD15EBF1D66D9000050D862 /* CustomizedTableTest */ = {
			isa = PBXNativeTarget;
			buildConfigurationList = DDD15ED21D66D9000050D862 /* Build configuration list for PBXNativeTarget "CustomizedTableTest" */;
			buildPhases = (
				DDD15EBC1D66D9000050D862 /* Sources */,
				DDD15EBD1D66D9000050D862 /* Frameworks */,
				DDD15EBE1D66D9000050D862 /* Resources */,
			);
			buildRules = (
			);
			dependencies = (
			);
			name = CustomizedTableTest;
			productName = CustomizedTableTest;
			productReference = DDD15EC01D66D9000050D862 /* CustomizedTableTest.app */;
			productType = "com.apple.product-type.application";
		};
/* End PBXNativeTarget section */

/* Begin PBXProject section */
		DDD15EB81D66D9000050D862 /* Project object */ = {
			isa = PBXProject;
			attributes = {
				LastSwiftUpdateCheck = 0720;
				LastUpgradeCheck = 0720;
				ORGANIZATIONNAME = Sun;
				TargetAttributes = {
					DDD15EBF1D66D9000050D862 = {
						CreatedOnToolsVersion = 7.2;
					};
				};
			};
			buildConfigurationList = DDD15EBB1D66D9000050D862 /* Build configuration list for PBXProject "CustomizedTableTest" */;
			compatibilityVersion = "Xcode 3.2";
			developmentRegion = English;
			hasScannedForEncodings = 0;
			knownRegions = (
				en,
				Base,
			);
			mainGroup = DDD15EB71D66D9000050D862;
			productRefGroup = DDD15EC11D66D9000050D862 /* Products */;
			projectDirPath = "";
			projectRoot = "";
			targets = (
				DDD15EBF1D66D9000050D862 /* CustomizedTableTest */,
			);
		};
/* End PBXProject section */

/* Begin PBXResourcesBuildPhase section */
		DDD15EBE1D66D9000050D862 /* Resources */ = {
			isa = PBXResourcesBuildPhase;
			buildActionMask = 2147483647;
			files = (
				DDD15ECE1D66D9000050D862 /* LaunchScreen.storyboard in Resources */,
				DDD15ECB1D66D9000050D862 /* Assets.xcassets in Resources */,
				DDD15EC91D66D9000050D862 /* Main.storyboard in Resources */,
			);
			runOnlyForDeploymentPostprocessing = 0;
		};
/* End PBXResourcesBuildPhase section */

/* Begin PBXSourcesBuildPhase section */
		DDD15EBC1D66D9000050D862 /* Sources */ = {
			isa = PBXSourcesBuildPhase;
			buildActionMask = 2147483647;
			files = (
				DDD15EC61D66D9000050D862 /* ViewController.swift in Sources */,
				DD13A9B51D73C69800EB830C /* Brewery.swift in Sources */,
				DD13A9BB1D73C85500EB830C /* DraftDetailTableViewController.swift in Sources */,
				DD13A9BD1D73C88700EB830C /* ProfileTableViewCell.swift in Sources */,
				DD13A9BF1D73C89A00EB830C /* OfficeTimeTableViewCell.swift in Sources */,
				DD13A9B91D73C69800EB830C /* ParentClass.swift in Sources */,
				DD13A9C11D73C8B100EB830C /* DraftBeerTableViewCell.swift in Sources */,
				DD13A9B81D73C69800EB830C /* MakingFactoryInstance.swift in Sources */,
				DDD15EC41D66D9000050D862 /* AppDelegate.swift in Sources */,
				DD13A9B61D73C69800EB830C /* Draft.swift in Sources */,
				DD13A9B71D73C69800EB830C /* Factory.swift in Sources */,
				DD13A9C31D73C8CE00EB830C /* BottleBeerTableViewCell.swift in Sources */,
			);
			runOnlyForDeploymentPostprocessing = 0;
		};
/* End PBXSourcesBuildPhase section */

/* Begin PBXVariantGroup section */
		DDD15EC71D66D9000050D862 /* Main.storyboard */ = {
			isa = PBXVariantGroup;
			children = (
				DDD15EC81D66D9000050D862 /* Base */,
			);
			name = Main.storyboard;
			sourceTree = "<group>";
		};
		DDD15ECC1D66D9000050D862 /* LaunchScreen.storyboard */ = {
			isa = PBXVariantGroup;
			children = (
				DDD15ECD1D66D9000050D862 /* Base */,
			);
			name = LaunchScreen.storyboard;
			sourceTree = "<group>";
		};
/* End PBXVariantGroup section */

/* Begin XCBuildConfiguration section */
		DDD15ED01D66D9000050D862 /* Debug */ = {
			isa = XCBuildConfiguration;
			buildSettings = {
				ALWAYS_SEARCH_USER_PATHS = NO;
				CLANG_CXX_LANGUAGE_STANDARD = "gnu++0x";
				CLANG_CXX_LIBRARY = "libc++";
				CLANG_ENABLE_MODULES = YES;
				CLANG_ENABLE_OBJC_ARC = YES;
				CLANG_WARN_BOOL_CONVERSION = YES;
				CLANG_WARN_CONSTANT_CONVERSION = YES;
				CLANG_WARN_DIRECT_OBJC_ISA_USAGE = YES_ERROR;
				CLANG_WARN_EMPTY_BODY = YES;
				CLANG_WARN_ENUM_CONVERSION = YES;
				CLANG_WARN_INT_CONVERSION = YES;
				CLANG_WARN_OBJC_ROOT_CLASS = YES_ERROR;
				CLANG_WARN_UNREACHABLE_CODE = YES;
				CLANG_WARN__DUPLICATE_METHOD_MATCH = YES;
				"CODE_SIGN_IDENTITY[sdk=iphoneos*]" = "iPhone Developer";
				COPY_PHASE_STRIP = NO;
				DEBUG_INFORMATION_FORMAT = dwarf;
				ENABLE_STRICT_OBJC_MSGSEND = YES;
				ENABLE_TESTABILITY = YES;
				GCC_C_LANGUAGE_STANDARD = gnu99;
				GCC_DYNAMIC_NO_PIC = NO;
				GCC_NO_COMMON_BLOCKS = YES;
				GCC_OPTIMIZATION_LEVEL = 0;
				GCC_PREPROCESSOR_DEFINITIONS = (
					"DEBUG=1",
					"$(inherited)",
				);
				GCC_WARN_64_TO_32_BIT_CONVERSION = YES;
				GCC_WARN_ABOUT_RETURN_TYPE = YES_ERROR;
				GCC_WARN_UNDECLARED_SELECTOR = YES;
				GCC_WARN_UNINITIALIZED_AUTOS = YES_AGGRESSIVE;
				GCC_WARN_UNUSED_FUNCTION = YES;
				GCC_WARN_UNUSED_VARIABLE = YES;
				IPHONEOS_DEPLOYMENT_TARGET = 9.2;
				MTL_ENABLE_DEBUG_INFO = YES;
				ONLY_ACTIVE_ARCH = YES;
				SDKROOT = iphoneos;
				SWIFT_OPTIMIZATION_LEVEL = "-Onone";
				TARGETED_DEVICE_FAMILY = "1,2";
			};
			name = Debug;
		};
		DDD15ED11D66D9000050D862 /* Release */ = {
			isa = XCBuildConfiguration;
			buildSettings = {
				ALWAYS_SEARCH_USER_PATHS = NO;
				CLANG_CXX_LANGUAGE_STANDARD = "gnu++0x";
				CLANG_CXX_LIBRARY = "libc++";
				CLANG_ENABLE_MODULES = YES;
				CLANG_ENABLE_OBJC_ARC = YES;
				CLANG_WARN_BOOL_CONVERSION = YES;
				CLANG_WARN_CONSTANT_CONVERSION = YES;
				CLANG_WARN_DIRECT_OBJC_ISA_USAGE = YES_ERROR;
				CLANG_WARN_EMPTY_BODY = YES;
				CLANG_WARN_ENUM_CONVERSION = YES;
				CLANG_WARN_INT_CONVERSION = YES;
				CLANG_WARN_OBJC_ROOT_CLASS = YES_ERROR;
				CLANG_WARN_UNREACHABLE_CODE = YES;
				CLANG_WARN__DUPLICATE_METHOD_MATCH = YES;
				"CODE_SIGN_IDENTITY[sdk=iphoneos*]" = "iPhone Developer";
				COPY_PHASE_STRIP = NO;
				DEBUG_INFORMATION_FORMAT = "dwarf-with-dsym";
				ENABLE_NS_ASSERTIONS = NO;
				ENABLE_STRICT_OBJC_MSGSEND = YES;
				GCC_C_LANGUAGE_STANDARD = gnu99;
				GCC_NO_COMMON_BLOCKS = YES;
				GCC_WARN_64_TO_32_BIT_CONVERSION = YES;
				GCC_WARN_ABOUT_RETURN_TYPE = YES_ERROR;
				GCC_WARN_UNDECLARED_SELECTOR = YES;
				GCC_WARN_UNINITIALIZED_AUTOS = YES_AGGRESSIVE;
				GCC_WARN_UNUSED_FUNCTION = YES;
				GCC_WARN_UNUSED_VARIABLE = YES;
				IPHONEOS_DEPLOYMENT_TARGET = 9.2;
				MTL_ENABLE_DEBUG_INFO = NO;
				SDKROOT = iphoneos;
				TARGETED_DEVICE_FAMILY = "1,2";
				VALIDATE_PRODUCT = YES;
			};
			name = Release;
		};
		DDD15ED31D66D9000050D862 /* Debug */ = {
			isa = XCBuildConfiguration;
			buildSettings = {
				ASSETCATALOG_COMPILER_APPICON_NAME = AppIcon;
				INFOPLIST_FILE = CustomizedTableTest/Info.plist;
				LD_RUNPATH_SEARCH_PATHS = "$(inherited) @executable_path/Frameworks";
				PRODUCT_BUNDLE_IDENTIFIER = com.Sun.CustomizedTableTest;
				PRODUCT_NAME = "$(TARGET_NAME)";
			};
			name = Debug;
		};
		DDD15ED41D66D9000050D862 /* Release */ = {
			isa = XCBuildConfiguration;
			buildSettings = {
				ASSETCATALOG_COMPILER_APPICON_NAME = AppIcon;
				INFOPLIST_FILE = CustomizedTableTest/Info.plist;
				LD_RUNPATH_SEARCH_PATHS = "$(inherited) @executable_path/Frameworks";
				PRODUCT_BUNDLE_IDENTIFIER = com.Sun.CustomizedTableTest;
				PRODUCT_NAME = "$(TARGET_NAME)";
			};
			name = Release;
		};
/* End XCBuildConfiguration section */

/* Begin XCConfigurationList section */
		DDD15EBB1D66D9000050D862 /* Build configuration list for PBXProject "CustomizedTableTest" */ = {
			isa = XCConfigurationList;
			buildConfigurations = (
				DDD15ED01D66D9000050D862 /* Debug */,
				DDD15ED11D66D9000050D862 /* Release */,
			);
			defaultConfigurationIsVisible = 0;
			defaultConfigurationName = Release;
		};
		DDD15ED21D66D9000050D862 /* Build configuration list for PBXNativeTarget "CustomizedTableTest" */ = {
			isa = XCConfigurationList;
			buildConfigurations = (
				DDD15ED31D66D9000050D862 /* Debug */,
				DDD15ED41D66D9000050D862 /* Release */,
			);
			defaultConfigurationIsVisible = 0;
			defaultConfigurationName = Release;
		};
/* End XCConfigurationList section */
	};
	rootObject = DDD15EB81D66D9000050D862 /* Project object */;
}
