// !$*UTF8*$!
{
	archiveVersion = 1;
	classes = {
	};
	objectVersion = 46;
	objects = {

/* Begin PBXBuildFile section */
		DA86AB101D79BCD1006ACD05 /* GoogleMapsViewController.swift in Sources */ = {isa = PBXBuildFile; fileRef = DA86AB0F1D79BCD1006ACD05 /* GoogleMapsViewController.swift */; };
		DAA09EA71D798BCB000DDFB7 /* AppDelegate.swift in Sources */ = {isa = PBXBuildFile; fileRef = DAA09EA61D798BCB000DDFB7 /* AppDelegate.swift */; };
		DAA09EA91D798BCB000DDFB7 /* ViewController.swift in Sources */ = {isa = PBXBuildFile; fileRef = DAA09EA81D798BCB000DDFB7 /* ViewController.swift */; };
		DAA09EAC1D798BCB000DDFB7 /* Main.storyboard in Resources */ = {isa = PBXBuildFile; fileRef = DAA09EAA1D798BCB000DDFB7 /* Main.storyboard */; };
		DAA09EAE1D798BCB000DDFB7 /* Assets.xcassets in Resources */ = {isa = PBXBuildFile; fileRef = DAA09EAD1D798BCB000DDFB7 /* Assets.xcassets */; };
		DAA09EB11D798BCB000DDFB7 /* LaunchScreen.storyboard in Resources */ = {isa = PBXBuildFile; fileRef = DAA09EAF1D798BCB000DDFB7 /* LaunchScreen.storyboard */; };
		DAA09EBC1D798BCB000DDFB7 /* googlePlaceExTests.swift in Sources */ = {isa = PBXBuildFile; fileRef = DAA09EBB1D798BCB000DDFB7 /* googlePlaceExTests.swift */; };
		DAA09EC71D798BCB000DDFB7 /* googlePlaceExUITests.swift in Sources */ = {isa = PBXBuildFile; fileRef = DAA09EC61D798BCB000DDFB7 /* googlePlaceExUITests.swift */; };
		DAABDBEB1D7A66FA007E17B1 /* GooglePlaces.framework in Frameworks */ = {isa = PBXBuildFile; fileRef = DAABDBE21D79CA6D007E17B1 /* GooglePlaces.framework */; };
		DAABDBEC1D7A66FA007E17B1 /* GooglePlaces.framework in Embed Frameworks */ = {isa = PBXBuildFile; fileRef = DAABDBE21D79CA6D007E17B1 /* GooglePlaces.framework */; settings = {ATTRIBUTES = (CodeSignOnCopy, RemoveHeadersOnCopy, ); }; };
		DAABDBEE1D7A66FD007E17B1 /* GoogleMapsBase.framework in Frameworks */ = {isa = PBXBuildFile; fileRef = DAABDBDE1D79CA5C007E17B1 /* GoogleMapsBase.framework */; };
		DAABDBEF1D7A66FD007E17B1 /* GoogleMapsBase.framework in Embed Frameworks */ = {isa = PBXBuildFile; fileRef = DAABDBDE1D79CA5C007E17B1 /* GoogleMapsBase.framework */; settings = {ATTRIBUTES = (CodeSignOnCopy, RemoveHeadersOnCopy, ); }; };
		DAABDBF01D7A6700007E17B1 /* GooglePlacePicker.framework in Frameworks */ = {isa = PBXBuildFile; fileRef = DAABDBE01D79CA66007E17B1 /* GooglePlacePicker.framework */; };
		DAABDBF11D7A6700007E17B1 /* GooglePlacePicker.framework in Embed Frameworks */ = {isa = PBXBuildFile; fileRef = DAABDBE01D79CA66007E17B1 /* GooglePlacePicker.framework */; settings = {ATTRIBUTES = (CodeSignOnCopy, RemoveHeadersOnCopy, ); }; };
/* End PBXBuildFile section */

/* Begin PBXContainerItemProxy section */
		DAA09EB81D798BCB000DDFB7 /* PBXContainerItemProxy */ = {
			isa = PBXContainerItemProxy;
			containerPortal = DAA09E9B1D798BCA000DDFB7 /* Project object */;
			proxyType = 1;
			remoteGlobalIDString = DAA09EA21D798BCB000DDFB7;
			remoteInfo = googlePlaceEx;
		};
		DAA09EC31D798BCB000DDFB7 /* PBXContainerItemProxy */ = {
			isa = PBXContainerItemProxy;
			containerPortal = DAA09E9B1D798BCA000DDFB7 /* Project object */;
			proxyType = 1;
			remoteGlobalIDString = DAA09EA21D798BCB000DDFB7;
			remoteInfo = googlePlaceEx;
		};
/* End PBXContainerItemProxy section */

/* Begin PBXCopyFilesBuildPhase section */
		DAABDBED1D7A66FA007E17B1 /* Embed Frameworks */ = {
			isa = PBXCopyFilesBuildPhase;
			buildActionMask = 2147483647;
			dstPath = "";
			dstSubfolderSpec = 10;
			files = (
				DAABDBEC1D7A66FA007E17B1 /* GooglePlaces.framework in Embed Frameworks */,
				DAABDBF11D7A6700007E17B1 /* GooglePlacePicker.framework in Embed Frameworks */,
				DAABDBEF1D7A66FD007E17B1 /* GoogleMapsBase.framework in Embed Frameworks */,
			);
			name = "Embed Frameworks";
			runOnlyForDeploymentPostprocessing = 0;
		};
/* End PBXCopyFilesBuildPhase section */

/* Begin PBXFileReference section */
		111FEEB21BE91E9D2D0D9936 /* Pods-googlePlaceEx.debug.xcconfig */ = {isa = PBXFileReference; includeInIndex = 1; lastKnownFileType = text.xcconfig; name = "Pods-googlePlaceEx.debug.xcconfig"; path = "Pods/Target Support Files/Pods-googlePlaceEx/Pods-googlePlaceEx.debug.xcconfig"; sourceTree = "<group>"; };
		628133907957B46210C25C86 /* libPods-googlePlaceEx.a */ = {isa = PBXFileReference; explicitFileType = archive.ar; includeInIndex = 0; path = "libPods-googlePlaceEx.a"; sourceTree = BUILT_PRODUCTS_DIR; };
		B17785E06820412CA6A70225 /* Pods-googlePlaceEx.release.xcconfig */ = {isa = PBXFileReference; includeInIndex = 1; lastKnownFileType = text.xcconfig; name = "Pods-googlePlaceEx.release.xcconfig"; path = "Pods/Target Support Files/Pods-googlePlaceEx/Pods-googlePlaceEx.release.xcconfig"; sourceTree = "<group>"; };
		DA86AB0F1D79BCD1006ACD05 /* GoogleMapsViewController.swift */ = {isa = PBXFileReference; fileEncoding = 4; lastKnownFileType = sourcecode.swift; path = GoogleMapsViewController.swift; sourceTree = "<group>"; };
		DAA09EA31D798BCB000DDFB7 /* googlePlaceEx.app */ = {isa = PBXFileReference; explicitFileType = wrapper.application; includeInIndex = 0; path = googlePlaceEx.app; sourceTree = BUILT_PRODUCTS_DIR; };
		DAA09EA61D798BCB000DDFB7 /* AppDelegate.swift */ = {isa = PBXFileReference; lastKnownFileType = sourcecode.swift; path = AppDelegate.swift; sourceTree = "<group>"; };
		DAA09EA81D798BCB000DDFB7 /* ViewController.swift */ = {isa = PBXFileReference; lastKnownFileType = sourcecode.swift; path = ViewController.swift; sourceTree = "<group>"; };
		DAA09EAB1D798BCB000DDFB7 /* Base */ = {isa = PBXFileReference; lastKnownFileType = file.storyboard; name = Base; path = Base.lproj/Main.storyboard; sourceTree = "<group>"; };
		DAA09EAD1D798BCB000DDFB7 /* Assets.xcassets */ = {isa = PBXFileReference; lastKnownFileType = folder.assetcatalog; path = Assets.xcassets; sourceTree = "<group>"; };
		DAA09EB01D798BCB000DDFB7 /* Base */ = {isa = PBXFileReference; lastKnownFileType = file.storyboard; name = Base; path = Base.lproj/LaunchScreen.storyboard; sourceTree = "<group>"; };
		DAA09EB21D798BCB000DDFB7 /* Info.plist */ = {isa = PBXFileReference; lastKnownFileType = text.plist.xml; path = Info.plist; sourceTree = "<group>"; };
		DAA09EB71D798BCB000DDFB7 /* googlePlaceExTests.xctest */ = {isa = PBXFileReference; explicitFileType = wrapper.cfbundle; includeInIndex = 0; path = googlePlaceExTests.xctest; sourceTree = BUILT_PRODUCTS_DIR; };
		DAA09EBB1D798BCB000DDFB7 /* googlePlaceExTests.swift */ = {isa = PBXFileReference; lastKnownFileType = sourcecode.swift; path = googlePlaceExTests.swift; sourceTree = "<group>"; };
		DAA09EBD1D798BCB000DDFB7 /* Info.plist */ = {isa = PBXFileReference; lastKnownFileType = text.plist.xml; path = Info.plist; sourceTree = "<group>"; };
		DAA09EC21D798BCB000DDFB7 /* googlePlaceExUITests.xctest */ = {isa = PBXFileReference; explicitFileType = wrapper.cfbundle; includeInIndex = 0; path = googlePlaceExUITests.xctest; sourceTree = BUILT_PRODUCTS_DIR; };
		DAA09EC61D798BCB000DDFB7 /* googlePlaceExUITests.swift */ = {isa = PBXFileReference; lastKnownFileType = sourcecode.swift; path = googlePlaceExUITests.swift; sourceTree = "<group>"; };
		DAA09EC81D798BCB000DDFB7 /* Info.plist */ = {isa = PBXFileReference; lastKnownFileType = text.plist.xml; path = Info.plist; sourceTree = "<group>"; };
		DAABDBDE1D79CA5C007E17B1 /* GoogleMapsBase.framework */ = {isa = PBXFileReference; lastKnownFileType = wrapper.framework; name = GoogleMapsBase.framework; path = Pods/GoogleMaps/Subspecs/Base/Frameworks/GoogleMapsBase.framework; sourceTree = "<group>"; };
		DAABDBE01D79CA66007E17B1 /* GooglePlacePicker.framework */ = {isa = PBXFileReference; lastKnownFileType = wrapper.framework; name = GooglePlacePicker.framework; path = Pods/GooglePlacePicker/Frameworks/GooglePlacePicker.framework; sourceTree = "<group>"; };
		DAABDBE21D79CA6D007E17B1 /* GooglePlaces.framework */ = {isa = PBXFileReference; lastKnownFileType = wrapper.framework; name = GooglePlaces.framework; path = Pods/GooglePlaces/Frameworks/GooglePlaces.framework; sourceTree = "<group>"; };
/* End PBXFileReference section */

/* Begin PBXFrameworksBuildPhase section */
		DAA09EA01D798BCB000DDFB7 /* Frameworks */ = {
			isa = PBXFrameworksBuildPhase;
			buildActionMask = 2147483647;
			files = (
				DAABDBEE1D7A66FD007E17B1 /* GoogleMapsBase.framework in Frameworks */,
				DAABDBEB1D7A66FA007E17B1 /* GooglePlaces.framework in Frameworks */,
				DAABDBF01D7A6700007E17B1 /* GooglePlacePicker.framework in Frameworks */,
			);
			runOnlyForDeploymentPostprocessing = 0;
		};
		DAA09EB41D798BCB000DDFB7 /* Frameworks */ = {
			isa = PBXFrameworksBuildPhase;
			buildActionMask = 2147483647;
			files = (
			);
			runOnlyForDeploymentPostprocessing = 0;
		};
		DAA09EBF1D798BCB000DDFB7 /* Frameworks */ = {
			isa = PBXFrameworksBuildPhase;
			buildActionMask = 2147483647;
			files = (
			);
			runOnlyForDeploymentPostprocessing = 0;
		};
/* End PBXFrameworksBuildPhase section */

/* Begin PBXGroup section */
		288D402F9BF56E0F69279061 /* Pods */ = {
			isa = PBXGroup;
			children = (
				111FEEB21BE91E9D2D0D9936 /* Pods-googlePlaceEx.debug.xcconfig */,
				B17785E06820412CA6A70225 /* Pods-googlePlaceEx.release.xcconfig */,
			);
			name = Pods;
			sourceTree = "<group>";
		};
		D92E389B2394F9FC844B35BE /* Frameworks */ = {
			isa = PBXGroup;
			children = (
				DAABDBE21D79CA6D007E17B1 /* GooglePlaces.framework */,
				DAABDBE01D79CA66007E17B1 /* GooglePlacePicker.framework */,
				DAABDBDE1D79CA5C007E17B1 /* GoogleMapsBase.framework */,
				628133907957B46210C25C86 /* libPods-googlePlaceEx.a */,
			);
			name = Frameworks;
			sourceTree = "<group>";
		};
		DAA09E9A1D798BCA000DDFB7 = {
			isa = PBXGroup;
			children = (
				DAA09EA51D798BCB000DDFB7 /* googlePlaceEx */,
				DAA09EBA1D798BCB000DDFB7 /* googlePlaceExTests */,
				DAA09EC51D798BCB000DDFB7 /* googlePlaceExUITests */,
				DAA09EA41D798BCB000DDFB7 /* Products */,
				288D402F9BF56E0F69279061 /* Pods */,
				D92E389B2394F9FC844B35BE /* Frameworks */,
			);
			sourceTree = "<group>";
		};
		DAA09EA41D798BCB000DDFB7 /* Products */ = {
			isa = PBXGroup;
			children = (
				DAA09EA31D798BCB000DDFB7 /* googlePlaceEx.app */,
				DAA09EB71D798BCB000DDFB7 /* googlePlaceExTests.xctest */,
				DAA09EC21D798BCB000DDFB7 /* googlePlaceExUITests.xctest */,
			);
			name = Products;
			sourceTree = "<group>";
		};
		DAA09EA51D798BCB000DDFB7 /* googlePlaceEx */ = {
			isa = PBXGroup;
			children = (
				DAA09EA61D798BCB000DDFB7 /* AppDelegate.swift */,
				DAA09EA81D798BCB000DDFB7 /* ViewController.swift */,
				DAA09EAA1D798BCB000DDFB7 /* Main.storyboard */,
				DA86AB0F1D79BCD1006ACD05 /* GoogleMapsViewController.swift */,
				DAA09EAD1D798BCB000DDFB7 /* Assets.xcassets */,
				DAA09EAF1D798BCB000DDFB7 /* LaunchScreen.storyboard */,
				DAA09EB21D798BCB000DDFB7 /* Info.plist */,
			);
			path = googlePlaceEx;
			sourceTree = "<group>";
		};
		DAA09EBA1D798BCB000DDFB7 /* googlePlaceExTests */ = {
			isa = PBXGroup;
			children = (
				DAA09EBB1D798BCB000DDFB7 /* googlePlaceExTests.swift */,
				DAA09EBD1D798BCB000DDFB7 /* Info.plist */,
			);
			path = googlePlaceExTests;
			sourceTree = "<group>";
		};
		DAA09EC51D798BCB000DDFB7 /* googlePlaceExUITests */ = {
			isa = PBXGroup;
			children = (
				DAA09EC61D798BCB000DDFB7 /* googlePlaceExUITests.swift */,
				DAA09EC81D798BCB000DDFB7 /* Info.plist */,
			);
			path = googlePlaceExUITests;
			sourceTree = "<group>";
		};
/* End PBXGroup section */

/* Begin PBXNativeTarget section */
		DAA09EA21D798BCB000DDFB7 /* googlePlaceEx */ = {
			isa = PBXNativeTarget;
			buildConfigurationList = DAA09ECB1D798BCB000DDFB7 /* Build configuration list for PBXNativeTarget "googlePlaceEx" */;
			buildPhases = (
				86618A5BBDD769FCD9B5ACE0 /* [CP] Check Pods Manifest.lock */,
				DAA09E9F1D798BCB000DDFB7 /* Sources */,
				DAA09EA01D798BCB000DDFB7 /* Frameworks */,
				DAA09EA11D798BCB000DDFB7 /* Resources */,
				5EEF1259F4582AAB25F4EEC5 /* [CP] Embed Pods Frameworks */,
				351C92AF11DC58CC7B21F226 /* [CP] Copy Pods Resources */,
				DAABDBED1D7A66FA007E17B1 /* Embed Frameworks */,
			);
			buildRules = (
			);
			dependencies = (
			);
			name = googlePlaceEx;
			productName = googlePlaceEx;
			productReference = DAA09EA31D798BCB000DDFB7 /* googlePlaceEx.app */;
			productType = "com.apple.product-type.application";
		};
		DAA09EB61D798BCB000DDFB7 /* googlePlaceExTests */ = {
			isa = PBXNativeTarget;
			buildConfigurationList = DAA09ECE1D798BCB000DDFB7 /* Build configuration list for PBXNativeTarget "googlePlaceExTests" */;
			buildPhases = (
				DAA09EB31D798BCB000DDFB7 /* Sources */,
				DAA09EB41D798BCB000DDFB7 /* Frameworks */,
				DAA09EB51D798BCB000DDFB7 /* Resources */,
			);
			buildRules = (
			);
			dependencies = (
				DAA09EB91D798BCB000DDFB7 /* PBXTargetDependency */,
			);
			name = googlePlaceExTests;
			productName = googlePlaceExTests;
			productReference = DAA09EB71D798BCB000DDFB7 /* googlePlaceExTests.xctest */;
			productType = "com.apple.product-type.bundle.unit-test";
		};
		DAA09EC11D798BCB000DDFB7 /* googlePlaceExUITests */ = {
			isa = PBXNativeTarget;
			buildConfigurationList = DAA09ED11D798BCB000DDFB7 /* Build configuration list for PBXNativeTarget "googlePlaceExUITests" */;
			buildPhases = (
				DAA09EBE1D798BCB000DDFB7 /* Sources */,
				DAA09EBF1D798BCB000DDFB7 /* Frameworks */,
				DAA09EC01D798BCB000DDFB7 /* Resources */,
			);
			buildRules = (
			);
			dependencies = (
				DAA09EC41D798BCB000DDFB7 /* PBXTargetDependency */,
			);
			name = googlePlaceExUITests;
			productName = googlePlaceExUITests;
			productReference = DAA09EC21D798BCB000DDFB7 /* googlePlaceExUITests.xctest */;
			productType = "com.apple.product-type.bundle.ui-testing";
		};
/* End PBXNativeTarget section */

/* Begin PBXProject section */
		DAA09E9B1D798BCA000DDFB7 /* Project object */ = {
			isa = PBXProject;
			attributes = {
				LastSwiftUpdateCheck = 0730;
				LastUpgradeCheck = 0730;
				ORGANIZATIONNAME = moonyoung;
				TargetAttributes = {
					DAA09EA21D798BCB000DDFB7 = {
						CreatedOnToolsVersion = 7.3.1;
						DevelopmentTeam = T3MZNQ9QMR;
					};
					DAA09EB61D798BCB000DDFB7 = {
						CreatedOnToolsVersion = 7.3.1;
						DevelopmentTeam = T3MZNQ9QMR;
						TestTargetID = DAA09EA21D798BCB000DDFB7;
					};
					DAA09EC11D798BCB000DDFB7 = {
						CreatedOnToolsVersion = 7.3.1;
						DevelopmentTeam = T3MZNQ9QMR;
						TestTargetID = DAA09EA21D798BCB000DDFB7;
					};
				};
			};
			buildConfigurationList = DAA09E9E1D798BCA000DDFB7 /* Build configuration list for PBXProject "googlePlaceEx" */;
			compatibilityVersion = "Xcode 3.2";
			developmentRegion = English;
			hasScannedForEncodings = 0;
			knownRegions = (
				en,
				Base,
			);
			mainGroup = DAA09E9A1D798BCA000DDFB7;
			productRefGroup = DAA09EA41D798BCB000DDFB7 /* Products */;
			projectDirPath = "";
			projectRoot = "";
			targets = (
				DAA09EA21D798BCB000DDFB7 /* googlePlaceEx */,
				DAA09EB61D798BCB000DDFB7 /* googlePlaceExTests */,
				DAA09EC11D798BCB000DDFB7 /* googlePlaceExUITests */,
			);
		};
/* End PBXProject section */

/* Begin PBXResourcesBuildPhase section */
		DAA09EA11D798BCB000DDFB7 /* Resources */ = {
			isa = PBXResourcesBuildPhase;
			buildActionMask = 2147483647;
			files = (
				DAA09EB11D798BCB000DDFB7 /* LaunchScreen.storyboard in Resources */,
				DAA09EAE1D798BCB000DDFB7 /* Assets.xcassets in Resources */,
				DAA09EAC1D798BCB000DDFB7 /* Main.storyboard in Resources */,
			);
			runOnlyForDeploymentPostprocessing = 0;
		};
		DAA09EB51D798BCB000DDFB7 /* Resources */ = {
			isa = PBXResourcesBuildPhase;
			buildActionMask = 2147483647;
			files = (
			);
			runOnlyForDeploymentPostprocessing = 0;
		};
		DAA09EC01D798BCB000DDFB7 /* Resources */ = {
			isa = PBXResourcesBuildPhase;
			buildActionMask = 2147483647;
			files = (
			);
			runOnlyForDeploymentPostprocessing = 0;
		};
/* End PBXResourcesBuildPhase section */

/* Begin PBXShellScriptBuildPhase section */
		351C92AF11DC58CC7B21F226 /* [CP] Copy Pods Resources */ = {
			isa = PBXShellScriptBuildPhase;
			buildActionMask = 2147483647;
			files = (
			);
			inputPaths = (
			);
			name = "[CP] Copy Pods Resources";
			outputPaths = (
			);
			runOnlyForDeploymentPostprocessing = 0;
			shellPath = /bin/sh;
			shellScript = "\"${SRCROOT}/Pods/Target Support Files/Pods-googlePlaceEx/Pods-googlePlaceEx-resources.sh\"\n";
			showEnvVarsInLog = 0;
		};
		5EEF1259F4582AAB25F4EEC5 /* [CP] Embed Pods Frameworks */ = {
			isa = PBXShellScriptBuildPhase;
			buildActionMask = 2147483647;
			files = (
			);
			inputPaths = (
			);
			name = "[CP] Embed Pods Frameworks";
			outputPaths = (
			);
			runOnlyForDeploymentPostprocessing = 0;
			shellPath = /bin/sh;
			shellScript = "\"${SRCROOT}/Pods/Target Support Files/Pods-googlePlaceEx/Pods-googlePlaceEx-frameworks.sh\"\n";
			showEnvVarsInLog = 0;
		};
		86618A5BBDD769FCD9B5ACE0 /* [CP] Check Pods Manifest.lock */ = {
			isa = PBXShellScriptBuildPhase;
			buildActionMask = 2147483647;
			files = (
			);
			inputPaths = (
			);
			name = "[CP] Check Pods Manifest.lock";
			outputPaths = (
			);
			runOnlyForDeploymentPostprocessing = 0;
			shellPath = /bin/sh;
			shellScript = "diff \"${PODS_ROOT}/../Podfile.lock\" \"${PODS_ROOT}/Manifest.lock\" > /dev/null\nif [[ $? != 0 ]] ; then\n    cat << EOM\nerror: The sandbox is not in sync with the Podfile.lock. Run 'pod install' or update your CocoaPods installation.\nEOM\n    exit 1\nfi\n";
			showEnvVarsInLog = 0;
		};
/* End PBXShellScriptBuildPhase section */

/* Begin PBXSourcesBuildPhase section */
		DAA09E9F1D798BCB000DDFB7 /* Sources */ = {
			isa = PBXSourcesBuildPhase;
			buildActionMask = 2147483647;
			files = (
				DAA09EA91D798BCB000DDFB7 /* ViewController.swift in Sources */,
				DAA09EA71D798BCB000DDFB7 /* AppDelegate.swift in Sources */,
				DA86AB101D79BCD1006ACD05 /* GoogleMapsViewController.swift in Sources */,
			);
			runOnlyForDeploymentPostprocessing = 0;
		};
		DAA09EB31D798BCB000DDFB7 /* Sources */ = {
			isa = PBXSourcesBuildPhase;
			buildActionMask = 2147483647;
			files = (
				DAA09EBC1D798BCB000DDFB7 /* googlePlaceExTests.swift in Sources */,
			);
			runOnlyForDeploymentPostprocessing = 0;
		};
		DAA09EBE1D798BCB000DDFB7 /* Sources */ = {
			isa = PBXSourcesBuildPhase;
			buildActionMask = 2147483647;
			files = (
				DAA09EC71D798BCB000DDFB7 /* googlePlaceExUITests.swift in Sources */,
			);
			runOnlyForDeploymentPostprocessing = 0;
		};
/* End PBXSourcesBuildPhase section */

/* Begin PBXTargetDependency section */
		DAA09EB91D798BCB000DDFB7 /* PBXTargetDependency */ = {
			isa = PBXTargetDependency;
			target = DAA09EA21D798BCB000DDFB7 /* googlePlaceEx */;
			targetProxy = DAA09EB81D798BCB000DDFB7 /* PBXContainerItemProxy */;
		};
		DAA09EC41D798BCB000DDFB7 /* PBXTargetDependency */ = {
			isa = PBXTargetDependency;
			target = DAA09EA21D798BCB000DDFB7 /* googlePlaceEx */;
			targetProxy = DAA09EC31D798BCB000DDFB7 /* PBXContainerItemProxy */;
		};
/* End PBXTargetDependency section */

/* Begin PBXVariantGroup section */
		DAA09EAA1D798BCB000DDFB7 /* Main.storyboard */ = {
			isa = PBXVariantGroup;
			children = (
				DAA09EAB1D798BCB000DDFB7 /* Base */,
			);
			name = Main.storyboard;
			sourceTree = "<group>";
		};
		DAA09EAF1D798BCB000DDFB7 /* LaunchScreen.storyboard */ = {
			isa = PBXVariantGroup;
			children = (
				DAA09EB01D798BCB000DDFB7 /* Base */,
			);
			name = LaunchScreen.storyboard;
			sourceTree = "<group>";
		};
/* End PBXVariantGroup section */

/* Begin XCBuildConfiguration section */
		DAA09EC91D798BCB000DDFB7 /* Debug */ = {
			isa = XCBuildConfiguration;
			buildSettings = {
				ALWAYS_SEARCH_USER_PATHS = NO;
				CLANG_ANALYZER_NONNULL = YES;
				CLANG_CXX_LANGUAGE_STANDARD = "gnu++0x";
				CLANG_CXX_LIBRARY = "libc++";
				CLANG_ENABLE_MODULES = YES;
				CLANG_ENABLE_OBJC_ARC = YES;
				CLANG_WARN_BOOL_CONVERSION = YES;
				CLANG_WARN_CONSTANT_CONVERSION = YES;
				CLANG_WARN_DIRECT_OBJC_ISA_USAGE = YES_ERROR;
				CLANG_WARN_EMPTY_BODY = YES;
				CLANG_WARN_ENUM_CONVERSION = YES;
				CLANG_WARN_INT_CONVERSION = YES;
				CLANG_WARN_OBJC_ROOT_CLASS = YES_ERROR;
				CLANG_WARN_UNREACHABLE_CODE = YES;
				CLANG_WARN__DUPLICATE_METHOD_MATCH = YES;
				"CODE_SIGN_IDENTITY[sdk=iphoneos*]" = "iPhone Developer";
				COPY_PHASE_STRIP = NO;
				DEBUG_INFORMATION_FORMAT = dwarf;
				ENABLE_STRICT_OBJC_MSGSEND = YES;
				ENABLE_TESTABILITY = YES;
				GCC_C_LANGUAGE_STANDARD = gnu99;
				GCC_DYNAMIC_NO_PIC = NO;
				GCC_NO_COMMON_BLOCKS = YES;
				GCC_OPTIMIZATION_LEVEL = 0;
				GCC_PREPROCESSOR_DEFINITIONS = (
					"DEBUG=1",
					"$(inherited)",
				);
				GCC_WARN_64_TO_32_BIT_CONVERSION = YES;
				GCC_WARN_ABOUT_RETURN_TYPE = YES_ERROR;
				GCC_WARN_UNDECLARED_SELECTOR = YES;
				GCC_WARN_UNINITIALIZED_AUTOS = YES_AGGRESSIVE;
				GCC_WARN_UNUSED_FUNCTION = YES;
				GCC_WARN_UNUSED_VARIABLE = YES;
				IPHONEOS_DEPLOYMENT_TARGET = 9.3;
				MTL_ENABLE_DEBUG_INFO = YES;
				ONLY_ACTIVE_ARCH = YES;
				SDKROOT = iphoneos;
				SWIFT_OPTIMIZATION_LEVEL = "-Onone";
				TARGETED_DEVICE_FAMILY = "1,2";
			};
			name = Debug;
		};
		DAA09ECA1D798BCB000DDFB7 /* Release */ = {
			isa = XCBuildConfiguration;
			buildSettings = {
				ALWAYS_SEARCH_USER_PATHS = NO;
				CLANG_ANALYZER_NONNULL = YES;
				CLANG_CXX_LANGUAGE_STANDARD = "gnu++0x";
				CLANG_CXX_LIBRARY = "libc++";
				CLANG_ENABLE_MODULES = YES;
				CLANG_ENABLE_OBJC_ARC = YES;
				CLANG_WARN_BOOL_CONVERSION = YES;
				CLANG_WARN_CONSTANT_CONVERSION = YES;
				CLANG_WARN_DIRECT_OBJC_ISA_USAGE = YES_ERROR;
				CLANG_WARN_EMPTY_BODY = YES;
				CLANG_WARN_ENUM_CONVERSION = YES;
				CLANG_WARN_INT_CONVERSION = YES;
				CLANG_WARN_OBJC_ROOT_CLASS = YES_ERROR;
				CLANG_WARN_UNREACHABLE_CODE = YES;
				CLANG_WARN__DUPLICATE_METHOD_MATCH = YES;
				"CODE_SIGN_IDENTITY[sdk=iphoneos*]" = "iPhone Developer";
				COPY_PHASE_STRIP = NO;
				DEBUG_INFORMATION_FORMAT = "dwarf-with-dsym";
				ENABLE_NS_ASSERTIONS = NO;
				ENABLE_STRICT_OBJC_MSGSEND = YES;
				GCC_C_LANGUAGE_STANDARD = gnu99;
				GCC_NO_COMMON_BLOCKS = YES;
				GCC_WARN_64_TO_32_BIT_CONVERSION = YES;
				GCC_WARN_ABOUT_RETURN_TYPE = YES_ERROR;
				GCC_WARN_UNDECLARED_SELECTOR = YES;
				GCC_WARN_UNINITIALIZED_AUTOS = YES_AGGRESSIVE;
				GCC_WARN_UNUSED_FUNCTION = YES;
				GCC_WARN_UNUSED_VARIABLE = YES;
				IPHONEOS_DEPLOYMENT_TARGET = 9.3;
				MTL_ENABLE_DEBUG_INFO = NO;
				SDKROOT = iphoneos;
				TARGETED_DEVICE_FAMILY = "1,2";
				VALIDATE_PRODUCT = YES;
			};
			name = Release;
		};
		DAA09ECC1D798BCB000DDFB7 /* Debug */ = {
			isa = XCBuildConfiguration;
			baseConfigurationReference = 111FEEB21BE91E9D2D0D9936 /* Pods-googlePlaceEx.debug.xcconfig */;
			buildSettings = {
				ASSETCATALOG_COMPILER_APPICON_NAME = AppIcon;
				FRAMEWORK_SEARCH_PATHS = (
					"$(inherited)",
					"$(PROJECT_DIR)/Pods/GoogleMaps/Subspecs/Base/Frameworks",
					"$(PROJECT_DIR)/Pods/GooglePlacePicker/Frameworks",
					"$(PROJECT_DIR)/Pods/GooglePlaces/Frameworks",
				);
				INFOPLIST_FILE = googlePlaceEx/Info.plist;
				LD_RUNPATH_SEARCH_PATHS = "$(inherited) @executable_path/Frameworks";
				PRODUCT_BUNDLE_IDENTIFIER = moonyoung.googlePlaceEx;
				PRODUCT_NAME = "$(TARGET_NAME)";
			};
			name = Debug;
		};
		DAA09ECD1D798BCB000DDFB7 /* Release */ = {
			isa = XCBuildConfiguration;
			baseConfigurationReference = B17785E06820412CA6A70225 /* Pods-googlePlaceEx.release.xcconfig */;
			buildSettings = {
				ASSETCATALOG_COMPILER_APPICON_NAME = AppIcon;
				FRAMEWORK_SEARCH_PATHS = (
					"$(inherited)",
					"$(PROJECT_DIR)/Pods/GoogleMaps/Subspecs/Base/Frameworks",
					"$(PROJECT_DIR)/Pods/GooglePlacePicker/Frameworks",
					"$(PROJECT_DIR)/Pods/GooglePlaces/Frameworks",
				);
				INFOPLIST_FILE = googlePlaceEx/Info.plist;
				LD_RUNPATH_SEARCH_PATHS = "$(inherited) @executable_path/Frameworks";
				PRODUCT_BUNDLE_IDENTIFIER = moonyoung.googlePlaceEx;
				PRODUCT_NAME = "$(TARGET_NAME)";
			};
			name = Release;
		};
		DAA09ECF1D798BCB000DDFB7 /* Debug */ = {
			isa = XCBuildConfiguration;
			buildSettings = {
				BUNDLE_LOADER = "$(TEST_HOST)";
				INFOPLIST_FILE = googlePlaceExTests/Info.plist;
				LD_RUNPATH_SEARCH_PATHS = "$(inherited) @executable_path/Frameworks @loader_path/Frameworks";
				PRODUCT_BUNDLE_IDENTIFIER = moonyoung.googlePlaceExTests;
				PRODUCT_NAME = "$(TARGET_NAME)";
				TEST_HOST = "$(BUILT_PRODUCTS_DIR)/googlePlaceEx.app/googlePlaceEx";
			};
			name = Debug;
		};
		DAA09ED01D798BCB000DDFB7 /* Release */ = {
			isa = XCBuildConfiguration;
			buildSettings = {
				BUNDLE_LOADER = "$(TEST_HOST)";
				INFOPLIST_FILE = googlePlaceExTests/Info.plist;
				LD_RUNPATH_SEARCH_PATHS = "$(inherited) @executable_path/Frameworks @loader_path/Frameworks";
				PRODUCT_BUNDLE_IDENTIFIER = moonyoung.googlePlaceExTests;
				PRODUCT_NAME = "$(TARGET_NAME)";
				TEST_HOST = "$(BUILT_PRODUCTS_DIR)/googlePlaceEx.app/googlePlaceEx";
			};
			name = Release;
		};
		DAA09ED21D798BCB000DDFB7 /* Debug */ = {
			isa = XCBuildConfiguration;
			buildSettings = {
				INFOPLIST_FILE = googlePlaceExUITests/Info.plist;
				LD_RUNPATH_SEARCH_PATHS = "$(inherited) @executable_path/Frameworks @loader_path/Frameworks";
				PRODUCT_BUNDLE_IDENTIFIER = moonyoung.googlePlaceExUITests;
				PRODUCT_NAME = "$(TARGET_NAME)";
				TEST_TARGET_NAME = googlePlaceEx;
			};
			name = Debug;
		};
		DAA09ED31D798BCB000DDFB7 /* Release */ = {
			isa = XCBuildConfiguration;
			buildSettings = {
				INFOPLIST_FILE = googlePlaceExUITests/Info.plist;
				LD_RUNPATH_SEARCH_PATHS = "$(inherited) @executable_path/Frameworks @loader_path/Frameworks";
				PRODUCT_BUNDLE_IDENTIFIER = moonyoung.googlePlaceExUITests;
				PRODUCT_NAME = "$(TARGET_NAME)";
				TEST_TARGET_NAME = googlePlaceEx;
			};
			name = Release;
		};
/* End XCBuildConfiguration section */

/* Begin XCConfigurationList section */
		DAA09E9E1D798BCA000DDFB7 /* Build configuration list for PBXProject "googlePlaceEx" */ = {
			isa = XCConfigurationList;
			buildConfigurations = (
				DAA09EC91D798BCB000DDFB7 /* Debug */,
				DAA09ECA1D798BCB000DDFB7 /* Release */,
			);
			defaultConfigurationIsVisible = 0;
			defaultConfigurationName = Release;
		};
		DAA09ECB1D798BCB000DDFB7 /* Build configuration list for PBXNativeTarget "googlePlaceEx" */ = {
			isa = XCConfigurationList;
			buildConfigurations = (
				DAA09ECC1D798BCB000DDFB7 /* Debug */,
				DAA09ECD1D798BCB000DDFB7 /* Release */,
			);
			defaultConfigurationIsVisible = 0;
			defaultConfigurationName = Release;
		};
		DAA09ECE1D798BCB000DDFB7 /* Build configuration list for PBXNativeTarget "googlePlaceExTests" */ = {
			isa = XCConfigurationList;
			buildConfigurations = (
				DAA09ECF1D798BCB000DDFB7 /* Debug */,
				DAA09ED01D798BCB000DDFB7 /* Release */,
			);
			defaultConfigurationIsVisible = 0;
			defaultConfigurationName = Release;
		};
		DAA09ED11D798BCB000DDFB7 /* Build configuration list for PBXNativeTarget "googlePlaceExUITests" */ = {
			isa = XCConfigurationList;
			buildConfigurations = (
				DAA09ED21D798BCB000DDFB7 /* Debug */,
				DAA09ED31D798BCB000DDFB7 /* Release */,
			);
			defaultConfigurationIsVisible = 0;
			defaultConfigurationName = Release;
		};
/* End XCConfigurationList section */
	};
	rootObject = DAA09E9B1D798BCA000DDFB7 /* Project object */;
}
