// !$*UTF8*$!
{
	archiveVersion = 1;
	classes = {
	};
	objectVersion = 46;
	objects = {

/* Begin PBXBuildFile section */
		3BEC83141D62D1B000B60366 /* Factory.swift in Sources */ = {isa = PBXBuildFile; fileRef = 3BEC83131D62D1B000B60366 /* Factory.swift */; };
		3BEC83341D64287700B60366 /* WonyeongParentClass.swift in Sources */ = {isa = PBXBuildFile; fileRef = 3BEC83331D64287700B60366 /* WonyeongParentClass.swift */; };
		3BEC83361D64B98600B60366 /* MakingFactoryInstance.swift in Sources */ = {isa = PBXBuildFile; fileRef = 3BEC83351D64B98600B60366 /* MakingFactoryInstance.swift */; };
		DA2177C91D62FE94005C2F9D /* PilotPlant.framework in Frameworks */ = {isa = PBXBuildFile; fileRef = DA2177C81D62FE94005C2F9D /* PilotPlant.framework */; };
		DA2177CA1D62FE9A005C2F9D /* PilotPlant.framework in Frameworks */ = {isa = PBXBuildFile; fileRef = DA2177C81D62FE94005C2F9D /* PilotPlant.framework */; };
		DA2177CB1D62FE9A005C2F9D /* PilotPlant.framework in Embed Frameworks */ = {isa = PBXBuildFile; fileRef = DA2177C81D62FE94005C2F9D /* PilotPlant.framework */; settings = {ATTRIBUTES = (CodeSignOnCopy, RemoveHeadersOnCopy, ); }; };
		DA6BBFB11D37346F0049C008 /* AppDelegate.swift in Sources */ = {isa = PBXBuildFile; fileRef = DA6BBFB01D37346F0049C008 /* AppDelegate.swift */; };
		DA6BBFB31D37346F0049C008 /* ViewController.swift in Sources */ = {isa = PBXBuildFile; fileRef = DA6BBFB21D37346F0049C008 /* ViewController.swift */; };
		DA6BBFB61D37346F0049C008 /* Main.storyboard in Resources */ = {isa = PBXBuildFile; fileRef = DA6BBFB41D37346F0049C008 /* Main.storyboard */; };
		DA6BBFB81D37346F0049C008 /* Assets.xcassets in Resources */ = {isa = PBXBuildFile; fileRef = DA6BBFB71D37346F0049C008 /* Assets.xcassets */; };
		DA6BBFBB1D37346F0049C008 /* LaunchScreen.storyboard in Resources */ = {isa = PBXBuildFile; fileRef = DA6BBFB91D37346F0049C008 /* LaunchScreen.storyboard */; };
		DA6BBFC61D37346F0049C008 /* ThirstyTravelerTests.swift in Sources */ = {isa = PBXBuildFile; fileRef = DA6BBFC51D37346F0049C008 /* ThirstyTravelerTests.swift */; };
		DA6BBFD11D3734700049C008 /* ThirstyTravelerUITests.swift in Sources */ = {isa = PBXBuildFile; fileRef = DA6BBFD01D3734700049C008 /* ThirstyTravelerUITests.swift */; };
		DA6BBFE11D3734A60049C008 /* UIViewController+Navigation.swift in Sources */ = {isa = PBXBuildFile; fileRef = DA6BBFDF1D3734A50049C008 /* UIViewController+Navigation.swift */; };
/* End PBXBuildFile section */

/* Begin PBXContainerItemProxy section */
		DA6BBFC21D37346F0049C008 /* PBXContainerItemProxy */ = {
			isa = PBXContainerItemProxy;
			containerPortal = DA6BBFA51D37346F0049C008 /* Project object */;
			proxyType = 1;
			remoteGlobalIDString = DA6BBFAC1D37346F0049C008;
			remoteInfo = ThirstyTraveler;
		};
		DA6BBFCD1D3734700049C008 /* PBXContainerItemProxy */ = {
			isa = PBXContainerItemProxy;
			containerPortal = DA6BBFA51D37346F0049C008 /* Project object */;
			proxyType = 1;
			remoteGlobalIDString = DA6BBFAC1D37346F0049C008;
			remoteInfo = ThirstyTraveler;
		};
/* End PBXContainerItemProxy section */

/* Begin PBXCopyFilesBuildPhase section */
		DA6BBFE41D3734B20049C008 /* Embed Frameworks */ = {
			isa = PBXCopyFilesBuildPhase;
			buildActionMask = 2147483647;
			dstPath = "";
			dstSubfolderSpec = 10;
			files = (
				DA2177CB1D62FE9A005C2F9D /* PilotPlant.framework in Embed Frameworks */,
			);
			name = "Embed Frameworks";
			runOnlyForDeploymentPostprocessing = 0;
		};
/* End PBXCopyFilesBuildPhase section */

/* Begin PBXFileReference section */
		3BEC83131D62D1B000B60366 /* Factory.swift */ = {isa = PBXFileReference; fileEncoding = 4; lastKnownFileType = sourcecode.swift; path = Factory.swift; sourceTree = "<group>"; };
		3BEC83331D64287700B60366 /* WonyeongParentClass.swift */ = {isa = PBXFileReference; fileEncoding = 4; lastKnownFileType = sourcecode.swift; path = WonyeongParentClass.swift; sourceTree = "<group>"; };
		3BEC83351D64B98600B60366 /* MakingFactoryInstance.swift */ = {isa = PBXFileReference; fileEncoding = 4; lastKnownFileType = sourcecode.swift; path = MakingFactoryInstance.swift; sourceTree = "<group>"; };
		DA2177C81D62FE94005C2F9D /* PilotPlant.framework */ = {isa = PBXFileReference; lastKnownFileType = wrapper.framework; path = PilotPlant.framework; sourceTree = "<group>"; };
		DA6BBFAD1D37346F0049C008 /* ThirstyTraveler.app */ = {isa = PBXFileReference; explicitFileType = wrapper.application; includeInIndex = 0; path = ThirstyTraveler.app; sourceTree = BUILT_PRODUCTS_DIR; };
		DA6BBFB01D37346F0049C008 /* AppDelegate.swift */ = {isa = PBXFileReference; lastKnownFileType = sourcecode.swift; path = AppDelegate.swift; sourceTree = "<group>"; };
		DA6BBFB21D37346F0049C008 /* ViewController.swift */ = {isa = PBXFileReference; lastKnownFileType = sourcecode.swift; path = ViewController.swift; sourceTree = "<group>"; };
		DA6BBFB51D37346F0049C008 /* Base */ = {isa = PBXFileReference; lastKnownFileType = file.storyboard; name = Base; path = Base.lproj/Main.storyboard; sourceTree = "<group>"; };
		DA6BBFB71D37346F0049C008 /* Assets.xcassets */ = {isa = PBXFileReference; lastKnownFileType = folder.assetcatalog; path = Assets.xcassets; sourceTree = "<group>"; };
		DA6BBFBA1D37346F0049C008 /* Base */ = {isa = PBXFileReference; lastKnownFileType = file.storyboard; name = Base; path = Base.lproj/LaunchScreen.storyboard; sourceTree = "<group>"; };
		DA6BBFBC1D37346F0049C008 /* Info.plist */ = {isa = PBXFileReference; lastKnownFileType = text.plist.xml; path = Info.plist; sourceTree = "<group>"; };
		DA6BBFC11D37346F0049C008 /* ThirstyTravelerTests.xctest */ = {isa = PBXFileReference; explicitFileType = wrapper.cfbundle; includeInIndex = 0; path = ThirstyTravelerTests.xctest; sourceTree = BUILT_PRODUCTS_DIR; };
		DA6BBFC51D37346F0049C008 /* ThirstyTravelerTests.swift */ = {isa = PBXFileReference; lastKnownFileType = sourcecode.swift; path = ThirstyTravelerTests.swift; sourceTree = "<group>"; };
		DA6BBFC71D37346F0049C008 /* Info.plist */ = {isa = PBXFileReference; lastKnownFileType = text.plist.xml; path = Info.plist; sourceTree = "<group>"; };
		DA6BBFCC1D37346F0049C008 /* ThirstyTravelerUITests.xctest */ = {isa = PBXFileReference; explicitFileType = wrapper.cfbundle; includeInIndex = 0; path = ThirstyTravelerUITests.xctest; sourceTree = BUILT_PRODUCTS_DIR; };
		DA6BBFD01D3734700049C008 /* ThirstyTravelerUITests.swift */ = {isa = PBXFileReference; lastKnownFileType = sourcecode.swift; path = ThirstyTravelerUITests.swift; sourceTree = "<group>"; };
		DA6BBFD21D3734700049C008 /* Info.plist */ = {isa = PBXFileReference; lastKnownFileType = text.plist.xml; path = Info.plist; sourceTree = "<group>"; };
		DA6BBFDF1D3734A50049C008 /* UIViewController+Navigation.swift */ = {isa = PBXFileReference; fileEncoding = 4; lastKnownFileType = sourcecode.swift; path = "UIViewController+Navigation.swift"; sourceTree = "<group>"; };
/* End PBXFileReference section */

/* Begin PBXFrameworksBuildPhase section */
		DA6BBFAA1D37346F0049C008 /* Frameworks */ = {
			isa = PBXFrameworksBuildPhase;
			buildActionMask = 2147483647;
			files = (
				DA2177C91D62FE94005C2F9D /* PilotPlant.framework in Frameworks */,
				DA2177CA1D62FE9A005C2F9D /* PilotPlant.framework in Frameworks */,
			);
			runOnlyForDeploymentPostprocessing = 0;
		};
		DA6BBFBE1D37346F0049C008 /* Frameworks */ = {
			isa = PBXFrameworksBuildPhase;
			buildActionMask = 2147483647;
			files = (
			);
			runOnlyForDeploymentPostprocessing = 0;
		};
		DA6BBFC91D37346F0049C008 /* Frameworks */ = {
			isa = PBXFrameworksBuildPhase;
			buildActionMask = 2147483647;
			files = (
			);
			runOnlyForDeploymentPostprocessing = 0;
		};
/* End PBXFrameworksBuildPhase section */

/* Begin PBXGroup section */
		DA6BBFA41D37346F0049C008 = {
			isa = PBXGroup;
			children = (
				DA6BBFAF1D37346F0049C008 /* ThirstyTraveler */,
				DA6BBFC41D37346F0049C008 /* ThirstyTravelerTests */,
				DA6BBFCF1D3734700049C008 /* ThirstyTravelerUITests */,
				DA6BBFAE1D37346F0049C008 /* Products */,
			);
			sourceTree = "<group>";
		};
		DA6BBFAE1D37346F0049C008 /* Products */ = {
			isa = PBXGroup;
			children = (
				DA6BBFAD1D37346F0049C008 /* ThirstyTraveler.app */,
				DA6BBFC11D37346F0049C008 /* ThirstyTravelerTests.xctest */,
				DA6BBFCC1D37346F0049C008 /* ThirstyTravelerUITests.xctest */,
			);
			name = Products;
			sourceTree = "<group>";
		};
		DA6BBFAF1D37346F0049C008 /* ThirstyTraveler */ = {
			isa = PBXGroup;
			children = (
				DA2177C81D62FE94005C2F9D /* PilotPlant.framework */,
				DA6BBFDF1D3734A50049C008 /* UIViewController+Navigation.swift */,
				DA6BBFB01D37346F0049C008 /* AppDelegate.swift */,
				DA6BBFB21D37346F0049C008 /* ViewController.swift */,
				DA6BBFB41D37346F0049C008 /* Main.storyboard */,
				DA6BBFB71D37346F0049C008 /* Assets.xcassets */,
				DA6BBFB91D37346F0049C008 /* LaunchScreen.storyboard */,
				DA6BBFBC1D37346F0049C008 /* Info.plist */,
				3BEC83131D62D1B000B60366 /* Factory.swift */,
				3BEC83351D64B98600B60366 /* MakingFactoryInstance.swift */,
				3BEC83331D64287700B60366 /* WonyeongParentClass.swift */,
			);
			path = ThirstyTraveler;
			sourceTree = "<group>";
		};
		DA6BBFC41D37346F0049C008 /* ThirstyTravelerTests */ = {
			isa = PBXGroup;
			children = (
				DA6BBFC51D37346F0049C008 /* ThirstyTravelerTests.swift */,
				DA6BBFC71D37346F0049C008 /* Info.plist */,
			);
			path = ThirstyTravelerTests;
			sourceTree = "<group>";
		};
		DA6BBFCF1D3734700049C008 /* ThirstyTravelerUITests */ = {
			isa = PBXGroup;
			children = (
				DA6BBFD01D3734700049C008 /* ThirstyTravelerUITests.swift */,
				DA6BBFD21D3734700049C008 /* Info.plist */,
			);
			path = ThirstyTravelerUITests;
			sourceTree = "<group>";
		};
/* End PBXGroup section */

/* Begin PBXNativeTarget section */
		DA6BBFAC1D37346F0049C008 /* ThirstyTraveler */ = {
			isa = PBXNativeTarget;
			buildConfigurationList = DA6BBFD51D3734700049C008 /* Build configuration list for PBXNativeTarget "ThirstyTraveler" */;
			buildPhases = (
				DA6BBFA91D37346F0049C008 /* Sources */,
				DA6BBFAA1D37346F0049C008 /* Frameworks */,
				DA6BBFAB1D37346F0049C008 /* Resources */,
				DA6BBFE41D3734B20049C008 /* Embed Frameworks */,
			);
			buildRules = (
			);
			dependencies = (
			);
			name = ThirstyTraveler;
			productName = ThirstyTraveler;
			productReference = DA6BBFAD1D37346F0049C008 /* ThirstyTraveler.app */;
			productType = "com.apple.product-type.application";
		};
		DA6BBFC01D37346F0049C008 /* ThirstyTravelerTests */ = {
			isa = PBXNativeTarget;
			buildConfigurationList = DA6BBFD81D3734700049C008 /* Build configuration list for PBXNativeTarget "ThirstyTravelerTests" */;
			buildPhases = (
				DA6BBFBD1D37346F0049C008 /* Sources */,
				DA6BBFBE1D37346F0049C008 /* Frameworks */,
				DA6BBFBF1D37346F0049C008 /* Resources */,
			);
			buildRules = (
			);
			dependencies = (
				DA6BBFC31D37346F0049C008 /* PBXTargetDependency */,
			);
			name = ThirstyTravelerTests;
			productName = ThirstyTravelerTests;
			productReference = DA6BBFC11D37346F0049C008 /* ThirstyTravelerTests.xctest */;
			productType = "com.apple.product-type.bundle.unit-test";
		};
		DA6BBFCB1D37346F0049C008 /* ThirstyTravelerUITests */ = {
			isa = PBXNativeTarget;
			buildConfigurationList = DA6BBFDB1D3734700049C008 /* Build configuration list for PBXNativeTarget "ThirstyTravelerUITests" */;
			buildPhases = (
				DA6BBFC81D37346F0049C008 /* Sources */,
				DA6BBFC91D37346F0049C008 /* Frameworks */,
				DA6BBFCA1D37346F0049C008 /* Resources */,
			);
			buildRules = (
			);
			dependencies = (
				DA6BBFCE1D3734700049C008 /* PBXTargetDependency */,
			);
			name = ThirstyTravelerUITests;
			productName = ThirstyTravelerUITests;
			productReference = DA6BBFCC1D37346F0049C008 /* ThirstyTravelerUITests.xctest */;
			productType = "com.apple.product-type.bundle.ui-testing";
		};
/* End PBXNativeTarget section */

/* Begin PBXProject section */
		DA6BBFA51D37346F0049C008 /* Project object */ = {
			isa = PBXProject;
			attributes = {
				LastSwiftUpdateCheck = 0730;
				LastUpgradeCheck = 0730;
				ORGANIZATIONNAME = moonyoung;
				TargetAttributes = {
					DA6BBFAC1D37346F0049C008 = {
						CreatedOnToolsVersion = 7.3.1;
						DevelopmentTeam = T3MZNQ9QMR;
					};
					DA6BBFC01D37346F0049C008 = {
						CreatedOnToolsVersion = 7.3.1;
						DevelopmentTeam = T3MZNQ9QMR;
						TestTargetID = DA6BBFAC1D37346F0049C008;
					};
					DA6BBFCB1D37346F0049C008 = {
						CreatedOnToolsVersion = 7.3.1;
						DevelopmentTeam = T3MZNQ9QMR;
						TestTargetID = DA6BBFAC1D37346F0049C008;
					};
				};
			};
			buildConfigurationList = DA6BBFA81D37346F0049C008 /* Build configuration list for PBXProject "ThirstyTraveler" */;
			compatibilityVersion = "Xcode 3.2";
			developmentRegion = English;
			hasScannedForEncodings = 0;
			knownRegions = (
				en,
				Base,
			);
			mainGroup = DA6BBFA41D37346F0049C008;
			productRefGroup = DA6BBFAE1D37346F0049C008 /* Products */;
			projectDirPath = "";
			projectRoot = "";
			targets = (
				DA6BBFAC1D37346F0049C008 /* ThirstyTraveler */,
				DA6BBFC01D37346F0049C008 /* ThirstyTravelerTests */,
				DA6BBFCB1D37346F0049C008 /* ThirstyTravelerUITests */,
			);
		};
/* End PBXProject section */

/* Begin PBXResourcesBuildPhase section */
		DA6BBFAB1D37346F0049C008 /* Resources */ = {
			isa = PBXResourcesBuildPhase;
			buildActionMask = 2147483647;
			files = (
				DA6BBFBB1D37346F0049C008 /* LaunchScreen.storyboard in Resources */,
				DA6BBFB81D37346F0049C008 /* Assets.xcassets in Resources */,
				DA6BBFB61D37346F0049C008 /* Main.storyboard in Resources */,
			);
			runOnlyForDeploymentPostprocessing = 0;
		};
		DA6BBFBF1D37346F0049C008 /* Resources */ = {
			isa = PBXResourcesBuildPhase;
			buildActionMask = 2147483647;
			files = (
			);
			runOnlyForDeploymentPostprocessing = 0;
		};
		DA6BBFCA1D37346F0049C008 /* Resources */ = {
			isa = PBXResourcesBuildPhase;
			buildActionMask = 2147483647;
			files = (
			);
			runOnlyForDeploymentPostprocessing = 0;
		};
/* End PBXResourcesBuildPhase section */

/* Begin PBXSourcesBuildPhase section */
		DA6BBFA91D37346F0049C008 /* Sources */ = {
			isa = PBXSourcesBuildPhase;
			buildActionMask = 2147483647;
			files = (
				3BEC83141D62D1B000B60366 /* Factory.swift in Sources */,
				DA6BBFE11D3734A60049C008 /* UIViewController+Navigation.swift in Sources */,
				3BEC83361D64B98600B60366 /* MakingFactoryInstance.swift in Sources */,
				DA6BBFB31D37346F0049C008 /* ViewController.swift in Sources */,
				3BEC83341D64287700B60366 /* WonyeongParentClass.swift in Sources */,
				DA6BBFB11D37346F0049C008 /* AppDelegate.swift in Sources */,
			);
			runOnlyForDeploymentPostprocessing = 0;
		};
		DA6BBFBD1D37346F0049C008 /* Sources */ = {
			isa = PBXSourcesBuildPhase;
			buildActionMask = 2147483647;
			files = (
				DA6BBFC61D37346F0049C008 /* ThirstyTravelerTests.swift in Sources */,
			);
			runOnlyForDeploymentPostprocessing = 0;
		};
		DA6BBFC81D37346F0049C008 /* Sources */ = {
			isa = PBXSourcesBuildPhase;
			buildActionMask = 2147483647;
			files = (
				DA6BBFD11D3734700049C008 /* ThirstyTravelerUITests.swift in Sources */,
			);
			runOnlyForDeploymentPostprocessing = 0;
		};
/* End PBXSourcesBuildPhase section */

/* Begin PBXTargetDependency section */
		DA6BBFC31D37346F0049C008 /* PBXTargetDependency */ = {
			isa = PBXTargetDependency;
			target = DA6BBFAC1D37346F0049C008 /* ThirstyTraveler */;
			targetProxy = DA6BBFC21D37346F0049C008 /* PBXContainerItemProxy */;
		};
		DA6BBFCE1D3734700049C008 /* PBXTargetDependency */ = {
			isa = PBXTargetDependency;
			target = DA6BBFAC1D37346F0049C008 /* ThirstyTraveler */;
			targetProxy = DA6BBFCD1D3734700049C008 /* PBXContainerItemProxy */;
		};
/* End PBXTargetDependency section */

/* Begin PBXVariantGroup section */
		DA6BBFB41D37346F0049C008 /* Main.storyboard */ = {
			isa = PBXVariantGroup;
			children = (
				DA6BBFB51D37346F0049C008 /* Base */,
			);
			name = Main.storyboard;
			sourceTree = "<group>";
		};
		DA6BBFB91D37346F0049C008 /* LaunchScreen.storyboard */ = {
			isa = PBXVariantGroup;
			children = (
				DA6BBFBA1D37346F0049C008 /* Base */,
			);
			name = LaunchScreen.storyboard;
			sourceTree = "<group>";
		};
/* End PBXVariantGroup section */

/* Begin XCBuildConfiguration section */
		DA6BBFD31D3734700049C008 /* Debug */ = {
			isa = XCBuildConfiguration;
			buildSettings = {
				ALWAYS_SEARCH_USER_PATHS = NO;
				CLANG_ANALYZER_NONNULL = YES;
				CLANG_CXX_LANGUAGE_STANDARD = "gnu++0x";
				CLANG_CXX_LIBRARY = "libc++";
				CLANG_ENABLE_MODULES = YES;
				CLANG_ENABLE_OBJC_ARC = YES;
				CLANG_WARN_BOOL_CONVERSION = YES;
				CLANG_WARN_CONSTANT_CONVERSION = YES;
				CLANG_WARN_DIRECT_OBJC_ISA_USAGE = YES_ERROR;
				CLANG_WARN_EMPTY_BODY = YES;
				CLANG_WARN_ENUM_CONVERSION = YES;
				CLANG_WARN_INT_CONVERSION = YES;
				CLANG_WARN_OBJC_ROOT_CLASS = YES_ERROR;
				CLANG_WARN_UNREACHABLE_CODE = YES;
				CLANG_WARN__DUPLICATE_METHOD_MATCH = YES;
				"CODE_SIGN_IDENTITY[sdk=iphoneos*]" = "iPhone Developer";
				COPY_PHASE_STRIP = NO;
				DEBUG_INFORMATION_FORMAT = dwarf;
				ENABLE_STRICT_OBJC_MSGSEND = YES;
				ENABLE_TESTABILITY = YES;
				GCC_C_LANGUAGE_STANDARD = gnu99;
				GCC_DYNAMIC_NO_PIC = NO;
				GCC_NO_COMMON_BLOCKS = YES;
				GCC_OPTIMIZATION_LEVEL = 0;
				GCC_PREPROCESSOR_DEFINITIONS = (
					"DEBUG=1",
					"$(inherited)",
				);
				GCC_WARN_64_TO_32_BIT_CONVERSION = YES;
				GCC_WARN_ABOUT_RETURN_TYPE = YES_ERROR;
				GCC_WARN_UNDECLARED_SELECTOR = YES;
				GCC_WARN_UNINITIALIZED_AUTOS = YES_AGGRESSIVE;
				GCC_WARN_UNUSED_FUNCTION = YES;
				GCC_WARN_UNUSED_VARIABLE = YES;
				IPHONEOS_DEPLOYMENT_TARGET = 9.3;
				MTL_ENABLE_DEBUG_INFO = YES;
				ONLY_ACTIVE_ARCH = YES;
				SDKROOT = iphoneos;
				SWIFT_OPTIMIZATION_LEVEL = "-Onone";
				TARGETED_DEVICE_FAMILY = "1,2";
			};
			name = Debug;
		};
		DA6BBFD41D3734700049C008 /* Release */ = {
			isa = XCBuildConfiguration;
			buildSettings = {
				ALWAYS_SEARCH_USER_PATHS = NO;
				CLANG_ANALYZER_NONNULL = YES;
				CLANG_CXX_LANGUAGE_STANDARD = "gnu++0x";
				CLANG_CXX_LIBRARY = "libc++";
				CLANG_ENABLE_MODULES = YES;
				CLANG_ENABLE_OBJC_ARC = YES;
				CLANG_WARN_BOOL_CONVERSION = YES;
				CLANG_WARN_CONSTANT_CONVERSION = YES;
				CLANG_WARN_DIRECT_OBJC_ISA_USAGE = YES_ERROR;
				CLANG_WARN_EMPTY_BODY = YES;
				CLANG_WARN_ENUM_CONVERSION = YES;
				CLANG_WARN_INT_CONVERSION = YES;
				CLANG_WARN_OBJC_ROOT_CLASS = YES_ERROR;
				CLANG_WARN_UNREACHABLE_CODE = YES;
				CLANG_WARN__DUPLICATE_METHOD_MATCH = YES;
				"CODE_SIGN_IDENTITY[sdk=iphoneos*]" = "iPhone Developer";
				COPY_PHASE_STRIP = NO;
				DEBUG_INFORMATION_FORMAT = "dwarf-with-dsym";
				ENABLE_NS_ASSERTIONS = NO;
				ENABLE_STRICT_OBJC_MSGSEND = YES;
				GCC_C_LANGUAGE_STANDARD = gnu99;
				GCC_NO_COMMON_BLOCKS = YES;
				GCC_WARN_64_TO_32_BIT_CONVERSION = YES;
				GCC_WARN_ABOUT_RETURN_TYPE = YES_ERROR;
				GCC_WARN_UNDECLARED_SELECTOR = YES;
				GCC_WARN_UNINITIALIZED_AUTOS = YES_AGGRESSIVE;
				GCC_WARN_UNUSED_FUNCTION = YES;
				GCC_WARN_UNUSED_VARIABLE = YES;
				IPHONEOS_DEPLOYMENT_TARGET = 9.3;
				MTL_ENABLE_DEBUG_INFO = NO;
				SDKROOT = iphoneos;
				TARGETED_DEVICE_FAMILY = "1,2";
				VALIDATE_PRODUCT = YES;
			};
			name = Release;
		};
		DA6BBFD61D3734700049C008 /* Debug */ = {
			isa = XCBuildConfiguration;
			buildSettings = {
				ASSETCATALOG_COMPILER_APPICON_NAME = AppIcon;
				FRAMEWORK_SEARCH_PATHS = (
					"$(inherited)",
					"$(PROJECT_DIR)/ThirstyTraveler",
				);
				INFOPLIST_FILE = ThirstyTraveler/Info.plist;
				LD_RUNPATH_SEARCH_PATHS = "$(inherited) @executable_path/Frameworks";
				PRODUCT_BUNDLE_IDENTIFIER = moonyoung.ThirstyTraveler;
				PRODUCT_NAME = "$(TARGET_NAME)";
			};
			name = Debug;
		};
		DA6BBFD71D3734700049C008 /* Release */ = {
			isa = XCBuildConfiguration;
			buildSettings = {
				ASSETCATALOG_COMPILER_APPICON_NAME = AppIcon;
				FRAMEWORK_SEARCH_PATHS = (
					"$(inherited)",
					"$(PROJECT_DIR)/ThirstyTraveler",
				);
				INFOPLIST_FILE = ThirstyTraveler/Info.plist;
				LD_RUNPATH_SEARCH_PATHS = "$(inherited) @executable_path/Frameworks";
				PRODUCT_BUNDLE_IDENTIFIER = moonyoung.ThirstyTraveler;
				PRODUCT_NAME = "$(TARGET_NAME)";
			};
			name = Release;
		};
		DA6BBFD91D3734700049C008 /* Debug */ = {
			isa = XCBuildConfiguration;
			buildSettings = {
				BUNDLE_LOADER = "$(TEST_HOST)";
				INFOPLIST_FILE = ThirstyTravelerTests/Info.plist;
				LD_RUNPATH_SEARCH_PATHS = "$(inherited) @executable_path/Frameworks @loader_path/Frameworks";
				PRODUCT_BUNDLE_IDENTIFIER = moonyoung.ThirstyTravelerTests;
				PRODUCT_NAME = "$(TARGET_NAME)";
				TEST_HOST = "$(BUILT_PRODUCTS_DIR)/ThirstyTraveler.app/ThirstyTraveler";
			};
			name = Debug;
		};
		DA6BBFDA1D3734700049C008 /* Release */ = {
			isa = XCBuildConfiguration;
			buildSettings = {
				BUNDLE_LOADER = "$(TEST_HOST)";
				INFOPLIST_FILE = ThirstyTravelerTests/Info.plist;
				LD_RUNPATH_SEARCH_PATHS = "$(inherited) @executable_path/Frameworks @loader_path/Frameworks";
				PRODUCT_BUNDLE_IDENTIFIER = moonyoung.ThirstyTravelerTests;
				PRODUCT_NAME = "$(TARGET_NAME)";
				TEST_HOST = "$(BUILT_PRODUCTS_DIR)/ThirstyTraveler.app/ThirstyTraveler";
			};
			name = Release;
		};
		DA6BBFDC1D3734700049C008 /* Debug */ = {
			isa = XCBuildConfiguration;
			buildSettings = {
				INFOPLIST_FILE = ThirstyTravelerUITests/Info.plist;
				LD_RUNPATH_SEARCH_PATHS = "$(inherited) @executable_path/Frameworks @loader_path/Frameworks";
				PRODUCT_BUNDLE_IDENTIFIER = moonyoung.ThirstyTravelerUITests;
				PRODUCT_NAME = "$(TARGET_NAME)";
				TEST_TARGET_NAME = ThirstyTraveler;
			};
			name = Debug;
		};
		DA6BBFDD1D3734700049C008 /* Release */ = {
			isa = XCBuildConfiguration;
			buildSettings = {
				INFOPLIST_FILE = ThirstyTravelerUITests/Info.plist;
				LD_RUNPATH_SEARCH_PATHS = "$(inherited) @executable_path/Frameworks @loader_path/Frameworks";
				PRODUCT_BUNDLE_IDENTIFIER = moonyoung.ThirstyTravelerUITests;
				PRODUCT_NAME = "$(TARGET_NAME)";
				TEST_TARGET_NAME = ThirstyTraveler;
			};
			name = Release;
		};
/* End XCBuildConfiguration section */

/* Begin XCConfigurationList section */
		DA6BBFA81D37346F0049C008 /* Build configuration list for PBXProject "ThirstyTraveler" */ = {
			isa = XCConfigurationList;
			buildConfigurations = (
				DA6BBFD31D3734700049C008 /* Debug */,
				DA6BBFD41D3734700049C008 /* Release */,
			);
			defaultConfigurationIsVisible = 0;
			defaultConfigurationName = Release;
		};
		DA6BBFD51D3734700049C008 /* Build configuration list for PBXNativeTarget "ThirstyTraveler" */ = {
			isa = XCConfigurationList;
			buildConfigurations = (
				DA6BBFD61D3734700049C008 /* Debug */,
				DA6BBFD71D3734700049C008 /* Release */,
			);
			defaultConfigurationIsVisible = 0;
			defaultConfigurationName = Release;
		};
		DA6BBFD81D3734700049C008 /* Build configuration list for PBXNativeTarget "ThirstyTravelerTests" */ = {
			isa = XCConfigurationList;
			buildConfigurations = (
				DA6BBFD91D3734700049C008 /* Debug */,
				DA6BBFDA1D3734700049C008 /* Release */,
			);
			defaultConfigurationIsVisible = 0;
			defaultConfigurationName = Release;
		};
		DA6BBFDB1D3734700049C008 /* Build configuration list for PBXNativeTarget "ThirstyTravelerUITests" */ = {
			isa = XCConfigurationList;
			buildConfigurations = (
				DA6BBFDC1D3734700049C008 /* Debug */,
				DA6BBFDD1D3734700049C008 /* Release */,
			);
			defaultConfigurationIsVisible = 0;
			defaultConfigurationName = Release;
		};
/* End XCConfigurationList section */
	};
	rootObject = DA6BBFA51D37346F0049C008 /* Project object */;
}
