// !$*UTF8*$!
{
	archiveVersion = 1;
	classes = {
	};
	objectVersion = 46;
	objects = {

/* Begin PBXBuildFile section */
		DA2178151D64D293005C2F9D /* AppDelegate.swift in Sources */ = {isa = PBXBuildFile; fileRef = DA2178141D64D293005C2F9D /* AppDelegate.swift */; };
		DA2178171D64D293005C2F9D /* ViewController.swift in Sources */ = {isa = PBXBuildFile; fileRef = DA2178161D64D293005C2F9D /* ViewController.swift */; };
		DA21781A1D64D293005C2F9D /* Main.storyboard in Resources */ = {isa = PBXBuildFile; fileRef = DA2178181D64D293005C2F9D /* Main.storyboard */; };
		DA21781C1D64D293005C2F9D /* Assets.xcassets in Resources */ = {isa = PBXBuildFile; fileRef = DA21781B1D64D293005C2F9D /* Assets.xcassets */; };
		DA21781F1D64D293005C2F9D /* LaunchScreen.storyboard in Resources */ = {isa = PBXBuildFile; fileRef = DA21781D1D64D293005C2F9D /* LaunchScreen.storyboard */; };
		DA21782A1D64D293005C2F9D /* tableexampleTests.swift in Sources */ = {isa = PBXBuildFile; fileRef = DA2178291D64D293005C2F9D /* tableexampleTests.swift */; };
		DA2178351D64D293005C2F9D /* tableexampleUITests.swift in Sources */ = {isa = PBXBuildFile; fileRef = DA2178341D64D293005C2F9D /* tableexampleUITests.swift */; };
/* End PBXBuildFile section */

/* Begin PBXContainerItemProxy section */
		DA2178261D64D293005C2F9D /* PBXContainerItemProxy */ = {
			isa = PBXContainerItemProxy;
			containerPortal = DA2178091D64D293005C2F9D /* Project object */;
			proxyType = 1;
			remoteGlobalIDString = DA2178101D64D293005C2F9D;
			remoteInfo = tableexample;
		};
		DA2178311D64D293005C2F9D /* PBXContainerItemProxy */ = {
			isa = PBXContainerItemProxy;
			containerPortal = DA2178091D64D293005C2F9D /* Project object */;
			proxyType = 1;
			remoteGlobalIDString = DA2178101D64D293005C2F9D;
			remoteInfo = tableexample;
		};
/* End PBXContainerItemProxy section */

/* Begin PBXFileReference section */
		DA2178111D64D293005C2F9D /* tableexample.app */ = {isa = PBXFileReference; explicitFileType = wrapper.application; includeInIndex = 0; path = tableexample.app; sourceTree = BUILT_PRODUCTS_DIR; };
		DA2178141D64D293005C2F9D /* AppDelegate.swift */ = {isa = PBXFileReference; lastKnownFileType = sourcecode.swift; path = AppDelegate.swift; sourceTree = "<group>"; };
		DA2178161D64D293005C2F9D /* ViewController.swift */ = {isa = PBXFileReference; lastKnownFileType = sourcecode.swift; path = ViewController.swift; sourceTree = "<group>"; };
		DA2178191D64D293005C2F9D /* Base */ = {isa = PBXFileReference; lastKnownFileType = file.storyboard; name = Base; path = Base.lproj/Main.storyboard; sourceTree = "<group>"; };
		DA21781B1D64D293005C2F9D /* Assets.xcassets */ = {isa = PBXFileReference; lastKnownFileType = folder.assetcatalog; path = Assets.xcassets; sourceTree = "<group>"; };
		DA21781E1D64D293005C2F9D /* Base */ = {isa = PBXFileReference; lastKnownFileType = file.storyboard; name = Base; path = Base.lproj/LaunchScreen.storyboard; sourceTree = "<group>"; };
		DA2178201D64D293005C2F9D /* Info.plist */ = {isa = PBXFileReference; lastKnownFileType = text.plist.xml; path = Info.plist; sourceTree = "<group>"; };
		DA2178251D64D293005C2F9D /* tableexampleTests.xctest */ = {isa = PBXFileReference; explicitFileType = wrapper.cfbundle; includeInIndex = 0; path = tableexampleTests.xctest; sourceTree = BUILT_PRODUCTS_DIR; };
		DA2178291D64D293005C2F9D /* tableexampleTests.swift */ = {isa = PBXFileReference; lastKnownFileType = sourcecode.swift; path = tableexampleTests.swift; sourceTree = "<group>"; };
		DA21782B1D64D293005C2F9D /* Info.plist */ = {isa = PBXFileReference; lastKnownFileType = text.plist.xml; path = Info.plist; sourceTree = "<group>"; };
		DA2178301D64D293005C2F9D /* tableexampleUITests.xctest */ = {isa = PBXFileReference; explicitFileType = wrapper.cfbundle; includeInIndex = 0; path = tableexampleUITests.xctest; sourceTree = BUILT_PRODUCTS_DIR; };
		DA2178341D64D293005C2F9D /* tableexampleUITests.swift */ = {isa = PBXFileReference; lastKnownFileType = sourcecode.swift; path = tableexampleUITests.swift; sourceTree = "<group>"; };
		DA2178361D64D293005C2F9D /* Info.plist */ = {isa = PBXFileReference; lastKnownFileType = text.plist.xml; path = Info.plist; sourceTree = "<group>"; };
/* End PBXFileReference section */

/* Begin PBXFrameworksBuildPhase section */
		DA21780E1D64D293005C2F9D /* Frameworks */ = {
			isa = PBXFrameworksBuildPhase;
			buildActionMask = 2147483647;
			files = (
			);
			runOnlyForDeploymentPostprocessing = 0;
		};
		DA2178221D64D293005C2F9D /* Frameworks */ = {
			isa = PBXFrameworksBuildPhase;
			buildActionMask = 2147483647;
			files = (
			);
			runOnlyForDeploymentPostprocessing = 0;
		};
		DA21782D1D64D293005C2F9D /* Frameworks */ = {
			isa = PBXFrameworksBuildPhase;
			buildActionMask = 2147483647;
			files = (
			);
			runOnlyForDeploymentPostprocessing = 0;
		};
/* End PBXFrameworksBuildPhase section */

/* Begin PBXGroup section */
		DA2178081D64D293005C2F9D = {
			isa = PBXGroup;
			children = (
				DA2178131D64D293005C2F9D /* tableexample */,
				DA2178281D64D293005C2F9D /* tableexampleTests */,
				DA2178331D64D293005C2F9D /* tableexampleUITests */,
				DA2178121D64D293005C2F9D /* Products */,
			);
			sourceTree = "<group>";
		};
		DA2178121D64D293005C2F9D /* Products */ = {
			isa = PBXGroup;
			children = (
				DA2178111D64D293005C2F9D /* tableexample.app */,
				DA2178251D64D293005C2F9D /* tableexampleTests.xctest */,
				DA2178301D64D293005C2F9D /* tableexampleUITests.xctest */,
			);
			name = Products;
			sourceTree = "<group>";
		};
		DA2178131D64D293005C2F9D /* tableexample */ = {
			isa = PBXGroup;
			children = (
				DA2178141D64D293005C2F9D /* AppDelegate.swift */,
				DA2178161D64D293005C2F9D /* ViewController.swift */,
				DA2178181D64D293005C2F9D /* Main.storyboard */,
				DA21781B1D64D293005C2F9D /* Assets.xcassets */,
				DA21781D1D64D293005C2F9D /* LaunchScreen.storyboard */,
				DA2178201D64D293005C2F9D /* Info.plist */,
			);
			path = tableexample;
			sourceTree = "<group>";
		};
		DA2178281D64D293005C2F9D /* tableexampleTests */ = {
			isa = PBXGroup;
			children = (
				DA2178291D64D293005C2F9D /* tableexampleTests.swift */,
				DA21782B1D64D293005C2F9D /* Info.plist */,
			);
			path = tableexampleTests;
			sourceTree = "<group>";
		};
		DA2178331D64D293005C2F9D /* tableexampleUITests */ = {
			isa = PBXGroup;
			children = (
				DA2178341D64D293005C2F9D /* tableexampleUITests.swift */,
				DA2178361D64D293005C2F9D /* Info.plist */,
			);
			path = tableexampleUITests;
			sourceTree = "<group>";
		};
/* End PBXGroup section */

/* Begin PBXNativeTarget section */
		DA2178101D64D293005C2F9D /* tableexample */ = {
			isa = PBXNativeTarget;
			buildConfigurationList = DA2178391D64D293005C2F9D /* Build configuration list for PBXNativeTarget "tableexample" */;
			buildPhases = (
				DA21780D1D64D293005C2F9D /* Sources */,
				DA21780E1D64D293005C2F9D /* Frameworks */,
				DA21780F1D64D293005C2F9D /* Resources */,
			);
			buildRules = (
			);
			dependencies = (
			);
			name = tableexample;
			productName = tableexample;
			productReference = DA2178111D64D293005C2F9D /* tableexample.app */;
			productType = "com.apple.product-type.application";
		};
		DA2178241D64D293005C2F9D /* tableexampleTests */ = {
			isa = PBXNativeTarget;
			buildConfigurationList = DA21783C1D64D293005C2F9D /* Build configuration list for PBXNativeTarget "tableexampleTests" */;
			buildPhases = (
				DA2178211D64D293005C2F9D /* Sources */,
				DA2178221D64D293005C2F9D /* Frameworks */,
				DA2178231D64D293005C2F9D /* Resources */,
			);
			buildRules = (
			);
			dependencies = (
				DA2178271D64D293005C2F9D /* PBXTargetDependency */,
			);
			name = tableexampleTests;
			productName = tableexampleTests;
			productReference = DA2178251D64D293005C2F9D /* tableexampleTests.xctest */;
			productType = "com.apple.product-type.bundle.unit-test";
		};
		DA21782F1D64D293005C2F9D /* tableexampleUITests */ = {
			isa = PBXNativeTarget;
			buildConfigurationList = DA21783F1D64D293005C2F9D /* Build configuration list for PBXNativeTarget "tableexampleUITests" */;
			buildPhases = (
				DA21782C1D64D293005C2F9D /* Sources */,
				DA21782D1D64D293005C2F9D /* Frameworks */,
				DA21782E1D64D293005C2F9D /* Resources */,
			);
			buildRules = (
			);
			dependencies = (
				DA2178321D64D293005C2F9D /* PBXTargetDependency */,
			);
			name = tableexampleUITests;
			productName = tableexampleUITests;
			productReference = DA2178301D64D293005C2F9D /* tableexampleUITests.xctest */;
			productType = "com.apple.product-type.bundle.ui-testing";
		};
/* End PBXNativeTarget section */

/* Begin PBXProject section */
		DA2178091D64D293005C2F9D /* Project object */ = {
			isa = PBXProject;
			attributes = {
				LastSwiftUpdateCheck = 0730;
				LastUpgradeCheck = 0730;
				ORGANIZATIONNAME = moonyoung;
				TargetAttributes = {
					DA2178101D64D293005C2F9D = {
						CreatedOnToolsVersion = 7.3.1;
						DevelopmentTeam = T3MZNQ9QMR;
					};
					DA2178241D64D293005C2F9D = {
						CreatedOnToolsVersion = 7.3.1;
						DevelopmentTeam = T3MZNQ9QMR;
						TestTargetID = DA2178101D64D293005C2F9D;
					};
					DA21782F1D64D293005C2F9D = {
						CreatedOnToolsVersion = 7.3.1;
						DevelopmentTeam = T3MZNQ9QMR;
						TestTargetID = DA2178101D64D293005C2F9D;
					};
				};
			};
			buildConfigurationList = DA21780C1D64D293005C2F9D /* Build configuration list for PBXProject "tableexample" */;
			compatibilityVersion = "Xcode 3.2";
			developmentRegion = English;
			hasScannedForEncodings = 0;
			knownRegions = (
				en,
				Base,
			);
			mainGroup = DA2178081D64D293005C2F9D;
			productRefGroup = DA2178121D64D293005C2F9D /* Products */;
			projectDirPath = "";
			projectRoot = "";
			targets = (
				DA2178101D64D293005C2F9D /* tableexample */,
				DA2178241D64D293005C2F9D /* tableexampleTests */,
				DA21782F1D64D293005C2F9D /* tableexampleUITests */,
			);
		};
/* End PBXProject section */

/* Begin PBXResourcesBuildPhase section */
		DA21780F1D64D293005C2F9D /* Resources */ = {
			isa = PBXResourcesBuildPhase;
			buildActionMask = 2147483647;
			files = (
				DA21781F1D64D293005C2F9D /* LaunchScreen.storyboard in Resources */,
				DA21781C1D64D293005C2F9D /* Assets.xcassets in Resources */,
				DA21781A1D64D293005C2F9D /* Main.storyboard in Resources */,
			);
			runOnlyForDeploymentPostprocessing = 0;
		};
		DA2178231D64D293005C2F9D /* Resources */ = {
			isa = PBXResourcesBuildPhase;
			buildActionMask = 2147483647;
			files = (
			);
			runOnlyForDeploymentPostprocessing = 0;
		};
		DA21782E1D64D293005C2F9D /* Resources */ = {
			isa = PBXResourcesBuildPhase;
			buildActionMask = 2147483647;
			files = (
			);
			runOnlyForDeploymentPostprocessing = 0;
		};
/* End PBXResourcesBuildPhase section */

/* Begin PBXSourcesBuildPhase section */
		DA21780D1D64D293005C2F9D /* Sources */ = {
			isa = PBXSourcesBuildPhase;
			buildActionMask = 2147483647;
			files = (
				DA2178171D64D293005C2F9D /* ViewController.swift in Sources */,
				DA2178151D64D293005C2F9D /* AppDelegate.swift in Sources */,
			);
			runOnlyForDeploymentPostprocessing = 0;
		};
		DA2178211D64D293005C2F9D /* Sources */ = {
			isa = PBXSourcesBuildPhase;
			buildActionMask = 2147483647;
			files = (
				DA21782A1D64D293005C2F9D /* tableexampleTests.swift in Sources */,
			);
			runOnlyForDeploymentPostprocessing = 0;
		};
		DA21782C1D64D293005C2F9D /* Sources */ = {
			isa = PBXSourcesBuildPhase;
			buildActionMask = 2147483647;
			files = (
				DA2178351D64D293005C2F9D /* tableexampleUITests.swift in Sources */,
			);
			runOnlyForDeploymentPostprocessing = 0;
		};
/* End PBXSourcesBuildPhase section */

/* Begin PBXTargetDependency section */
		DA2178271D64D293005C2F9D /* PBXTargetDependency */ = {
			isa = PBXTargetDependency;
			target = DA2178101D64D293005C2F9D /* tableexample */;
			targetProxy = DA2178261D64D293005C2F9D /* PBXContainerItemProxy */;
		};
		DA2178321D64D293005C2F9D /* PBXTargetDependency */ = {
			isa = PBXTargetDependency;
			target = DA2178101D64D293005C2F9D /* tableexample */;
			targetProxy = DA2178311D64D293005C2F9D /* PBXContainerItemProxy */;
		};
/* End PBXTargetDependency section */

/* Begin PBXVariantGroup section */
		DA2178181D64D293005C2F9D /* Main.storyboard */ = {
			isa = PBXVariantGroup;
			children = (
				DA2178191D64D293005C2F9D /* Base */,
			);
			name = Main.storyboard;
			sourceTree = "<group>";
		};
		DA21781D1D64D293005C2F9D /* LaunchScreen.storyboard */ = {
			isa = PBXVariantGroup;
			children = (
				DA21781E1D64D293005C2F9D /* Base */,
			);
			name = LaunchScreen.storyboard;
			sourceTree = "<group>";
		};
/* End PBXVariantGroup section */

/* Begin XCBuildConfiguration section */
		DA2178371D64D293005C2F9D /* Debug */ = {
			isa = XCBuildConfiguration;
			buildSettings = {
				ALWAYS_SEARCH_USER_PATHS = NO;
				CLANG_ANALYZER_NONNULL = YES;
				CLANG_CXX_LANGUAGE_STANDARD = "gnu++0x";
				CLANG_CXX_LIBRARY = "libc++";
				CLANG_ENABLE_MODULES = YES;
				CLANG_ENABLE_OBJC_ARC = YES;
				CLANG_WARN_BOOL_CONVERSION = YES;
				CLANG_WARN_CONSTANT_CONVERSION = YES;
				CLANG_WARN_DIRECT_OBJC_ISA_USAGE = YES_ERROR;
				CLANG_WARN_EMPTY_BODY = YES;
				CLANG_WARN_ENUM_CONVERSION = YES;
				CLANG_WARN_INT_CONVERSION = YES;
				CLANG_WARN_OBJC_ROOT_CLASS = YES_ERROR;
				CLANG_WARN_UNREACHABLE_CODE = YES;
				CLANG_WARN__DUPLICATE_METHOD_MATCH = YES;
				"CODE_SIGN_IDENTITY[sdk=iphoneos*]" = "iPhone Developer";
				COPY_PHASE_STRIP = NO;
				DEBUG_INFORMATION_FORMAT = dwarf;
				ENABLE_STRICT_OBJC_MSGSEND = YES;
				ENABLE_TESTABILITY = YES;
				GCC_C_LANGUAGE_STANDARD = gnu99;
				GCC_DYNAMIC_NO_PIC = NO;
				GCC_NO_COMMON_BLOCKS = YES;
				GCC_OPTIMIZATION_LEVEL = 0;
				GCC_PREPROCESSOR_DEFINITIONS = (
					"DEBUG=1",
					"$(inherited)",
				);
				GCC_WARN_64_TO_32_BIT_CONVERSION = YES;
				GCC_WARN_ABOUT_RETURN_TYPE = YES_ERROR;
				GCC_WARN_UNDECLARED_SELECTOR = YES;
				GCC_WARN_UNINITIALIZED_AUTOS = YES_AGGRESSIVE;
				GCC_WARN_UNUSED_FUNCTION = YES;
				GCC_WARN_UNUSED_VARIABLE = YES;
				IPHONEOS_DEPLOYMENT_TARGET = 9.3;
				MTL_ENABLE_DEBUG_INFO = YES;
				ONLY_ACTIVE_ARCH = YES;
				SDKROOT = iphoneos;
				SWIFT_OPTIMIZATION_LEVEL = "-Onone";
				TARGETED_DEVICE_FAMILY = "1,2";
			};
			name = Debug;
		};
		DA2178381D64D293005C2F9D /* Release */ = {
			isa = XCBuildConfiguration;
			buildSettings = {
				ALWAYS_SEARCH_USER_PATHS = NO;
				CLANG_ANALYZER_NONNULL = YES;
				CLANG_CXX_LANGUAGE_STANDARD = "gnu++0x";
				CLANG_CXX_LIBRARY = "libc++";
				CLANG_ENABLE_MODULES = YES;
				CLANG_ENABLE_OBJC_ARC = YES;
				CLANG_WARN_BOOL_CONVERSION = YES;
				CLANG_WARN_CONSTANT_CONVERSION = YES;
				CLANG_WARN_DIRECT_OBJC_ISA_USAGE = YES_ERROR;
				CLANG_WARN_EMPTY_BODY = YES;
				CLANG_WARN_ENUM_CONVERSION = YES;
				CLANG_WARN_INT_CONVERSION = YES;
				CLANG_WARN_OBJC_ROOT_CLASS = YES_ERROR;
				CLANG_WARN_UNREACHABLE_CODE = YES;
				CLANG_WARN__DUPLICATE_METHOD_MATCH = YES;
				"CODE_SIGN_IDENTITY[sdk=iphoneos*]" = "iPhone Developer";
				COPY_PHASE_STRIP = NO;
				DEBUG_INFORMATION_FORMAT = "dwarf-with-dsym";
				ENABLE_NS_ASSERTIONS = NO;
				ENABLE_STRICT_OBJC_MSGSEND = YES;
				GCC_C_LANGUAGE_STANDARD = gnu99;
				GCC_NO_COMMON_BLOCKS = YES;
				GCC_WARN_64_TO_32_BIT_CONVERSION = YES;
				GCC_WARN_ABOUT_RETURN_TYPE = YES_ERROR;
				GCC_WARN_UNDECLARED_SELECTOR = YES;
				GCC_WARN_UNINITIALIZED_AUTOS = YES_AGGRESSIVE;
				GCC_WARN_UNUSED_FUNCTION = YES;
				GCC_WARN_UNUSED_VARIABLE = YES;
				IPHONEOS_DEPLOYMENT_TARGET = 9.3;
				MTL_ENABLE_DEBUG_INFO = NO;
				SDKROOT = iphoneos;
				TARGETED_DEVICE_FAMILY = "1,2";
				VALIDATE_PRODUCT = YES;
			};
			name = Release;
		};
		DA21783A1D64D293005C2F9D /* Debug */ = {
			isa = XCBuildConfiguration;
			buildSettings = {
				ASSETCATALOG_COMPILER_APPICON_NAME = AppIcon;
				INFOPLIST_FILE = tableexample/Info.plist;
				LD_RUNPATH_SEARCH_PATHS = "$(inherited) @executable_path/Frameworks";
				PRODUCT_BUNDLE_IDENTIFIER = moonyoung.tableexample;
				PRODUCT_NAME = "$(TARGET_NAME)";
			};
			name = Debug;
		};
		DA21783B1D64D293005C2F9D /* Release */ = {
			isa = XCBuildConfiguration;
			buildSettings = {
				ASSETCATALOG_COMPILER_APPICON_NAME = AppIcon;
				INFOPLIST_FILE = tableexample/Info.plist;
				LD_RUNPATH_SEARCH_PATHS = "$(inherited) @executable_path/Frameworks";
				PRODUCT_BUNDLE_IDENTIFIER = moonyoung.tableexample;
				PRODUCT_NAME = "$(TARGET_NAME)";
			};
			name = Release;
		};
		DA21783D1D64D293005C2F9D /* Debug */ = {
			isa = XCBuildConfiguration;
			buildSettings = {
				BUNDLE_LOADER = "$(TEST_HOST)";
				INFOPLIST_FILE = tableexampleTests/Info.plist;
				LD_RUNPATH_SEARCH_PATHS = "$(inherited) @executable_path/Frameworks @loader_path/Frameworks";
				PRODUCT_BUNDLE_IDENTIFIER = moonyoung.tableexampleTests;
				PRODUCT_NAME = "$(TARGET_NAME)";
				TEST_HOST = "$(BUILT_PRODUCTS_DIR)/tableexample.app/tableexample";
			};
			name = Debug;
		};
		DA21783E1D64D293005C2F9D /* Release */ = {
			isa = XCBuildConfiguration;
			buildSettings = {
				BUNDLE_LOADER = "$(TEST_HOST)";
				INFOPLIST_FILE = tableexampleTests/Info.plist;
				LD_RUNPATH_SEARCH_PATHS = "$(inherited) @executable_path/Frameworks @loader_path/Frameworks";
				PRODUCT_BUNDLE_IDENTIFIER = moonyoung.tableexampleTests;
				PRODUCT_NAME = "$(TARGET_NAME)";
				TEST_HOST = "$(BUILT_PRODUCTS_DIR)/tableexample.app/tableexample";
			};
			name = Release;
		};
		DA2178401D64D293005C2F9D /* Debug */ = {
			isa = XCBuildConfiguration;
			buildSettings = {
				INFOPLIST_FILE = tableexampleUITests/Info.plist;
				LD_RUNPATH_SEARCH_PATHS = "$(inherited) @executable_path/Frameworks @loader_path/Frameworks";
				PRODUCT_BUNDLE_IDENTIFIER = moonyoung.tableexampleUITests;
				PRODUCT_NAME = "$(TARGET_NAME)";
				TEST_TARGET_NAME = tableexample;
			};
			name = Debug;
		};
		DA2178411D64D293005C2F9D /* Release */ = {
			isa = XCBuildConfiguration;
			buildSettings = {
				INFOPLIST_FILE = tableexampleUITests/Info.plist;
				LD_RUNPATH_SEARCH_PATHS = "$(inherited) @executable_path/Frameworks @loader_path/Frameworks";
				PRODUCT_BUNDLE_IDENTIFIER = moonyoung.tableexampleUITests;
				PRODUCT_NAME = "$(TARGET_NAME)";
				TEST_TARGET_NAME = tableexample;
			};
			name = Release;
		};
/* End XCBuildConfiguration section */

/* Begin XCConfigurationList section */
		DA21780C1D64D293005C2F9D /* Build configuration list for PBXProject "tableexample" */ = {
			isa = XCConfigurationList;
			buildConfigurations = (
				DA2178371D64D293005C2F9D /* Debug */,
				DA2178381D64D293005C2F9D /* Release */,
			);
			defaultConfigurationIsVisible = 0;
			defaultConfigurationName = Release;
		};
		DA2178391D64D293005C2F9D /* Build configuration list for PBXNativeTarget "tableexample" */ = {
			isa = XCConfigurationList;
			buildConfigurations = (
				DA21783A1D64D293005C2F9D /* Debug */,
				DA21783B1D64D293005C2F9D /* Release */,
			);
			defaultConfigurationIsVisible = 0;
		};
		DA21783C1D64D293005C2F9D /* Build configuration list for PBXNativeTarget "tableexampleTests" */ = {
			isa = XCConfigurationList;
			buildConfigurations = (
				DA21783D1D64D293005C2F9D /* Debug */,
				DA21783E1D64D293005C2F9D /* Release */,
			);
			defaultConfigurationIsVisible = 0;
		};
		DA21783F1D64D293005C2F9D /* Build configuration list for PBXNativeTarget "tableexampleUITests" */ = {
			isa = XCConfigurationList;
			buildConfigurations = (
				DA2178401D64D293005C2F9D /* Debug */,
				DA2178411D64D293005C2F9D /* Release */,
			);
			defaultConfigurationIsVisible = 0;
		};
/* End XCConfigurationList section */
	};
	rootObject = DA2178091D64D293005C2F9D /* Project object */;
}
