// !$*UTF8*$!
{
	archiveVersion = 1;
	classes = {
	};
	objectVersion = 46;
	objects = {

/* Begin PBXBuildFile section */
		3B72CAB21D659ECC00BBE3FC /* AppDelegate.swift in Sources */ = {isa = PBXBuildFile; fileRef = 3B72CAB11D659ECC00BBE3FC /* AppDelegate.swift */; };
		3B72CAB41D659ECC00BBE3FC /* ViewController.swift in Sources */ = {isa = PBXBuildFile; fileRef = 3B72CAB31D659ECC00BBE3FC /* ViewController.swift */; };
		3B72CAB71D659ECC00BBE3FC /* Main.storyboard in Resources */ = {isa = PBXBuildFile; fileRef = 3B72CAB51D659ECC00BBE3FC /* Main.storyboard */; };
		3B72CAB91D659ECC00BBE3FC /* Assets.xcassets in Resources */ = {isa = PBXBuildFile; fileRef = 3B72CAB81D659ECC00BBE3FC /* Assets.xcassets */; };
		3B72CABC1D659ECC00BBE3FC /* LaunchScreen.storyboard in Resources */ = {isa = PBXBuildFile; fileRef = 3B72CABA1D659ECC00BBE3FC /* LaunchScreen.storyboard */; };
		3BF3563D1D65B5450027CE51 /* CoreLocation.framework in Frameworks */ = {isa = PBXBuildFile; fileRef = 3BF3563C1D65B5450027CE51 /* CoreLocation.framework */; };
		3BF3563F1D65BA770027CE51 /* PlacePickerTest.swift in Sources */ = {isa = PBXBuildFile; fileRef = 3BF3563E1D65BA770027CE51 /* PlacePickerTest.swift */; };
		EC46F1B773158D4236DF3607 /* libPods-GooglePlaceAPI.a in Frameworks */ = {isa = PBXBuildFile; fileRef = D91C0F5C40B88A52D964F35D /* libPods-GooglePlaceAPI.a */; };
/* End PBXBuildFile section */

/* Begin PBXFileReference section */
		3B72CAAE1D659ECC00BBE3FC /* GooglePlaceAPI.app */ = {isa = PBXFileReference; explicitFileType = wrapper.application; includeInIndex = 0; path = GooglePlaceAPI.app; sourceTree = BUILT_PRODUCTS_DIR; };
		3B72CAB11D659ECC00BBE3FC /* AppDelegate.swift */ = {isa = PBXFileReference; lastKnownFileType = sourcecode.swift; path = AppDelegate.swift; sourceTree = "<group>"; };
		3B72CAB31D659ECC00BBE3FC /* ViewController.swift */ = {isa = PBXFileReference; lastKnownFileType = sourcecode.swift; path = ViewController.swift; sourceTree = "<group>"; };
		3B72CAB61D659ECC00BBE3FC /* Base */ = {isa = PBXFileReference; lastKnownFileType = file.storyboard; name = Base; path = Base.lproj/Main.storyboard; sourceTree = "<group>"; };
		3B72CAB81D659ECC00BBE3FC /* Assets.xcassets */ = {isa = PBXFileReference; lastKnownFileType = folder.assetcatalog; path = Assets.xcassets; sourceTree = "<group>"; };
		3B72CABB1D659ECC00BBE3FC /* Base */ = {isa = PBXFileReference; lastKnownFileType = file.storyboard; name = Base; path = Base.lproj/LaunchScreen.storyboard; sourceTree = "<group>"; };
		3B72CABD1D659ECC00BBE3FC /* Info.plist */ = {isa = PBXFileReference; lastKnownFileType = text.plist.xml; path = Info.plist; sourceTree = "<group>"; };
		3BF3563C1D65B5450027CE51 /* CoreLocation.framework */ = {isa = PBXFileReference; lastKnownFileType = wrapper.framework; name = CoreLocation.framework; path = System/Library/Frameworks/CoreLocation.framework; sourceTree = SDKROOT; };
		3BF3563E1D65BA770027CE51 /* PlacePickerTest.swift */ = {isa = PBXFileReference; fileEncoding = 4; lastKnownFileType = sourcecode.swift; path = PlacePickerTest.swift; sourceTree = "<group>"; };
		9790E4A14BF717811C0001D9 /* Pods-GooglePlaceAPI.debug.xcconfig */ = {isa = PBXFileReference; includeInIndex = 1; lastKnownFileType = text.xcconfig; name = "Pods-GooglePlaceAPI.debug.xcconfig"; path = "Pods/Target Support Files/Pods-GooglePlaceAPI/Pods-GooglePlaceAPI.debug.xcconfig"; sourceTree = "<group>"; };
		D91C0F5C40B88A52D964F35D /* libPods-GooglePlaceAPI.a */ = {isa = PBXFileReference; explicitFileType = archive.ar; includeInIndex = 0; path = "libPods-GooglePlaceAPI.a"; sourceTree = BUILT_PRODUCTS_DIR; };
		E44E882F318DA96A25939D53 /* Pods-GooglePlaceAPI.release.xcconfig */ = {isa = PBXFileReference; includeInIndex = 1; lastKnownFileType = text.xcconfig; name = "Pods-GooglePlaceAPI.release.xcconfig"; path = "Pods/Target Support Files/Pods-GooglePlaceAPI/Pods-GooglePlaceAPI.release.xcconfig"; sourceTree = "<group>"; };
/* End PBXFileReference section */

/* Begin PBXFrameworksBuildPhase section */
		3B72CAAB1D659ECC00BBE3FC /* Frameworks */ = {
			isa = PBXFrameworksBuildPhase;
			buildActionMask = 2147483647;
			files = (
				3BF3563D1D65B5450027CE51 /* CoreLocation.framework in Frameworks */,
				EC46F1B773158D4236DF3607 /* libPods-GooglePlaceAPI.a in Frameworks */,
			);
			runOnlyForDeploymentPostprocessing = 0;
		};
/* End PBXFrameworksBuildPhase section */

/* Begin PBXGroup section */
		3B72CAA51D659ECC00BBE3FC = {
			isa = PBXGroup;
			children = (
				3B72CAB01D659ECC00BBE3FC /* GooglePlaceAPI */,
				3B72CAAF1D659ECC00BBE3FC /* Products */,
				528BD05C6954D00FD3DEEA4C /* Pods */,
				59639D51BC2FAE573F716C50 /* Frameworks */,
			);
			sourceTree = "<group>";
		};
		3B72CAAF1D659ECC00BBE3FC /* Products */ = {
			isa = PBXGroup;
			children = (
				3B72CAAE1D659ECC00BBE3FC /* GooglePlaceAPI.app */,
			);
			name = Products;
			sourceTree = "<group>";
		};
		3B72CAB01D659ECC00BBE3FC /* GooglePlaceAPI */ = {
			isa = PBXGroup;
			children = (
				3B72CAB11D659ECC00BBE3FC /* AppDelegate.swift */,
				3B72CAB31D659ECC00BBE3FC /* ViewController.swift */,
				3B72CAB51D659ECC00BBE3FC /* Main.storyboard */,
				3BF3563E1D65BA770027CE51 /* PlacePickerTest.swift */,
				3B72CAB81D659ECC00BBE3FC /* Assets.xcassets */,
				3B72CABA1D659ECC00BBE3FC /* LaunchScreen.storyboard */,
				3B72CABD1D659ECC00BBE3FC /* Info.plist */,
			);
			path = GooglePlaceAPI;
			sourceTree = "<group>";
		};
		528BD05C6954D00FD3DEEA4C /* Pods */ = {
			isa = PBXGroup;
			children = (
				9790E4A14BF717811C0001D9 /* Pods-GooglePlaceAPI.debug.xcconfig */,
				E44E882F318DA96A25939D53 /* Pods-GooglePlaceAPI.release.xcconfig */,
			);
			name = Pods;
			sourceTree = "<group>";
		};
		59639D51BC2FAE573F716C50 /* Frameworks */ = {
			isa = PBXGroup;
			children = (
				3BF3563C1D65B5450027CE51 /* CoreLocation.framework */,
				D91C0F5C40B88A52D964F35D /* libPods-GooglePlaceAPI.a */,
			);
			name = Frameworks;
			sourceTree = "<group>";
		};
/* End PBXGroup section */

/* Begin PBXNativeTarget section */
		3B72CAAD1D659ECC00BBE3FC /* GooglePlaceAPI */ = {
			isa = PBXNativeTarget;
			buildConfigurationList = 3B72CAC01D659ECC00BBE3FC /* Build configuration list for PBXNativeTarget "GooglePlaceAPI" */;
			buildPhases = (
				93FA34C713485CECF537FF3E /* [CP] Check Pods Manifest.lock */,
				3B72CAAA1D659ECC00BBE3FC /* Sources */,
				3B72CAAB1D659ECC00BBE3FC /* Frameworks */,
				3B72CAAC1D659ECC00BBE3FC /* Resources */,
				10DF8DD3DF9D1C93D4FBF76E /* [CP] Embed Pods Frameworks */,
				E25CCC1E28D91523CD81ABBF /* [CP] Copy Pods Resources */,
			);
			buildRules = (
			);
			dependencies = (
			);
			name = GooglePlaceAPI;
			productName = GooglePlaceAPI;
			productReference = 3B72CAAE1D659ECC00BBE3FC /* GooglePlaceAPI.app */;
			productType = "com.apple.product-type.application";
		};
/* End PBXNativeTarget section */

/* Begin PBXProject section */
		3B72CAA61D659ECC00BBE3FC /* Project object */ = {
			isa = PBXProject;
			attributes = {
				LastSwiftUpdateCheck = 0730;
				LastUpgradeCheck = 0730;
				ORGANIZATIONNAME = wonyeong;
				TargetAttributes = {
					3B72CAAD1D659ECC00BBE3FC = {
						CreatedOnToolsVersion = 7.3.1;
					};
				};
			};
			buildConfigurationList = 3B72CAA91D659ECC00BBE3FC /* Build configuration list for PBXProject "GooglePlaceAPI" */;
			compatibilityVersion = "Xcode 3.2";
			developmentRegion = English;
			hasScannedForEncodings = 0;
			knownRegions = (
				en,
				Base,
			);
			mainGroup = 3B72CAA51D659ECC00BBE3FC;
			productRefGroup = 3B72CAAF1D659ECC00BBE3FC /* Products */;
			projectDirPath = "";
			projectRoot = "";
			targets = (
				3B72CAAD1D659ECC00BBE3FC /* GooglePlaceAPI */,
			);
		};
/* End PBXProject section */

/* Begin PBXResourcesBuildPhase section */
		3B72CAAC1D659ECC00BBE3FC /* Resources */ = {
			isa = PBXResourcesBuildPhase;
			buildActionMask = 2147483647;
			files = (
				3B72CABC1D659ECC00BBE3FC /* LaunchScreen.storyboard in Resources */,
				3B72CAB91D659ECC00BBE3FC /* Assets.xcassets in Resources */,
				3B72CAB71D659ECC00BBE3FC /* Main.storyboard in Resources */,
			);
			runOnlyForDeploymentPostprocessing = 0;
		};
/* End PBXResourcesBuildPhase section */

/* Begin PBXShellScriptBuildPhase section */
		10DF8DD3DF9D1C93D4FBF76E /* [CP] Embed Pods Frameworks */ = {
			isa = PBXShellScriptBuildPhase;
			buildActionMask = 2147483647;
			files = (
			);
			inputPaths = (
			);
			name = "[CP] Embed Pods Frameworks";
			outputPaths = (
			);
			runOnlyForDeploymentPostprocessing = 0;
			shellPath = /bin/sh;
			shellScript = "\"${SRCROOT}/Pods/Target Support Files/Pods-GooglePlaceAPI/Pods-GooglePlaceAPI-frameworks.sh\"\n";
			showEnvVarsInLog = 0;
		};
		93FA34C713485CECF537FF3E /* [CP] Check Pods Manifest.lock */ = {
			isa = PBXShellScriptBuildPhase;
			buildActionMask = 2147483647;
			files = (
			);
			inputPaths = (
			);
			name = "[CP] Check Pods Manifest.lock";
			outputPaths = (
			);
			runOnlyForDeploymentPostprocessing = 0;
			shellPath = /bin/sh;
			shellScript = "diff \"${PODS_ROOT}/../Podfile.lock\" \"${PODS_ROOT}/Manifest.lock\" > /dev/null\nif [[ $? != 0 ]] ; then\n    cat << EOM\nerror: The sandbox is not in sync with the Podfile.lock. Run 'pod install' or update your CocoaPods installation.\nEOM\n    exit 1\nfi\n";
			showEnvVarsInLog = 0;
		};
		E25CCC1E28D91523CD81ABBF /* [CP] Copy Pods Resources */ = {
			isa = PBXShellScriptBuildPhase;
			buildActionMask = 2147483647;
			files = (
			);
			inputPaths = (
			);
			name = "[CP] Copy Pods Resources";
			outputPaths = (
			);
			runOnlyForDeploymentPostprocessing = 0;
			shellPath = /bin/sh;
			shellScript = "\"${SRCROOT}/Pods/Target Support Files/Pods-GooglePlaceAPI/Pods-GooglePlaceAPI-resources.sh\"\n";
			showEnvVarsInLog = 0;
		};
/* End PBXShellScriptBuildPhase section */

/* Begin PBXSourcesBuildPhase section */
		3B72CAAA1D659ECC00BBE3FC /* Sources */ = {
			isa = PBXSourcesBuildPhase;
			buildActionMask = 2147483647;
			files = (
				3BF3563F1D65BA770027CE51 /* PlacePickerTest.swift in Sources */,
				3B72CAB41D659ECC00BBE3FC /* ViewController.swift in Sources */,
				3B72CAB21D659ECC00BBE3FC /* AppDelegate.swift in Sources */,
			);
			runOnlyForDeploymentPostprocessing = 0;
		};
/* End PBXSourcesBuildPhase section */

/* Begin PBXVariantGroup section */
		3B72CAB51D659ECC00BBE3FC /* Main.storyboard */ = {
			isa = PBXVariantGroup;
			children = (
				3B72CAB61D659ECC00BBE3FC /* Base */,
			);
			name = Main.storyboard;
			sourceTree = "<group>";
		};
		3B72CABA1D659ECC00BBE3FC /* LaunchScreen.storyboard */ = {
			isa = PBXVariantGroup;
			children = (
				3B72CABB1D659ECC00BBE3FC /* Base */,
			);
			name = LaunchScreen.storyboard;
			sourceTree = "<group>";
		};
/* End PBXVariantGroup section */

/* Begin XCBuildConfiguration section */
		3B72CABE1D659ECC00BBE3FC /* Debug */ = {
			isa = XCBuildConfiguration;
			buildSettings = {
				ALWAYS_SEARCH_USER_PATHS = NO;
				CLANG_ANALYZER_NONNULL = YES;
				CLANG_CXX_LANGUAGE_STANDARD = "gnu++0x";
				CLANG_CXX_LIBRARY = "libc++";
				CLANG_ENABLE_MODULES = YES;
				CLANG_ENABLE_OBJC_ARC = YES;
				CLANG_WARN_BOOL_CONVERSION = YES;
				CLANG_WARN_CONSTANT_CONVERSION = YES;
				CLANG_WARN_DIRECT_OBJC_ISA_USAGE = YES_ERROR;
				CLANG_WARN_EMPTY_BODY = YES;
				CLANG_WARN_ENUM_CONVERSION = YES;
				CLANG_WARN_INT_CONVERSION = YES;
				CLANG_WARN_OBJC_ROOT_CLASS = YES_ERROR;
				CLANG_WARN_UNREACHABLE_CODE = YES;
				CLANG_WARN__DUPLICATE_METHOD_MATCH = YES;
				"CODE_SIGN_IDENTITY[sdk=iphoneos*]" = "iPhone Developer";
				COPY_PHASE_STRIP = NO;
				DEBUG_INFORMATION_FORMAT = dwarf;
				ENABLE_STRICT_OBJC_MSGSEND = YES;
				ENABLE_TESTABILITY = YES;
				GCC_C_LANGUAGE_STANDARD = gnu99;
				GCC_DYNAMIC_NO_PIC = NO;
				GCC_NO_COMMON_BLOCKS = YES;
				GCC_OPTIMIZATION_LEVEL = 0;
				GCC_PREPROCESSOR_DEFINITIONS = (
					"DEBUG=1",
					"$(inherited)",
				);
				GCC_WARN_64_TO_32_BIT_CONVERSION = YES;
				GCC_WARN_ABOUT_RETURN_TYPE = YES_ERROR;
				GCC_WARN_UNDECLARED_SELECTOR = YES;
				GCC_WARN_UNINITIALIZED_AUTOS = YES_AGGRESSIVE;
				GCC_WARN_UNUSED_FUNCTION = YES;
				GCC_WARN_UNUSED_VARIABLE = YES;
				IPHONEOS_DEPLOYMENT_TARGET = 9.3;
				MTL_ENABLE_DEBUG_INFO = YES;
				ONLY_ACTIVE_ARCH = YES;
				SDKROOT = iphoneos;
				SWIFT_OPTIMIZATION_LEVEL = "-Onone";
				TARGETED_DEVICE_FAMILY = "1,2";
			};
			name = Debug;
		};
		3B72CABF1D659ECC00BBE3FC /* Release */ = {
			isa = XCBuildConfiguration;
			buildSettings = {
				ALWAYS_SEARCH_USER_PATHS = NO;
				CLANG_ANALYZER_NONNULL = YES;
				CLANG_CXX_LANGUAGE_STANDARD = "gnu++0x";
				CLANG_CXX_LIBRARY = "libc++";
				CLANG_ENABLE_MODULES = YES;
				CLANG_ENABLE_OBJC_ARC = YES;
				CLANG_WARN_BOOL_CONVERSION = YES;
				CLANG_WARN_CONSTANT_CONVERSION = YES;
				CLANG_WARN_DIRECT_OBJC_ISA_USAGE = YES_ERROR;
				CLANG_WARN_EMPTY_BODY = YES;
				CLANG_WARN_ENUM_CONVERSION = YES;
				CLANG_WARN_INT_CONVERSION = YES;
				CLANG_WARN_OBJC_ROOT_CLASS = YES_ERROR;
				CLANG_WARN_UNREACHABLE_CODE = YES;
				CLANG_WARN__DUPLICATE_METHOD_MATCH = YES;
				"CODE_SIGN_IDENTITY[sdk=iphoneos*]" = "iPhone Developer";
				COPY_PHASE_STRIP = NO;
				DEBUG_INFORMATION_FORMAT = "dwarf-with-dsym";
				ENABLE_NS_ASSERTIONS = NO;
				ENABLE_STRICT_OBJC_MSGSEND = YES;
				GCC_C_LANGUAGE_STANDARD = gnu99;
				GCC_NO_COMMON_BLOCKS = YES;
				GCC_WARN_64_TO_32_BIT_CONVERSION = YES;
				GCC_WARN_ABOUT_RETURN_TYPE = YES_ERROR;
				GCC_WARN_UNDECLARED_SELECTOR = YES;
				GCC_WARN_UNINITIALIZED_AUTOS = YES_AGGRESSIVE;
				GCC_WARN_UNUSED_FUNCTION = YES;
				GCC_WARN_UNUSED_VARIABLE = YES;
				IPHONEOS_DEPLOYMENT_TARGET = 9.3;
				MTL_ENABLE_DEBUG_INFO = NO;
				SDKROOT = iphoneos;
				TARGETED_DEVICE_FAMILY = "1,2";
				VALIDATE_PRODUCT = YES;
			};
			name = Release;
		};
		3B72CAC11D659ECC00BBE3FC /* Debug */ = {
			isa = XCBuildConfiguration;
			baseConfigurationReference = 9790E4A14BF717811C0001D9 /* Pods-GooglePlaceAPI.debug.xcconfig */;
			buildSettings = {
				ASSETCATALOG_COMPILER_APPICON_NAME = AppIcon;
				INFOPLIST_FILE = GooglePlaceAPI/Info.plist;
				LD_RUNPATH_SEARCH_PATHS = "$(inherited) @executable_path/Frameworks";
				PRODUCT_BUNDLE_IDENTIFIER = com.wonyeong.GooglePlaceAPI;
				PRODUCT_NAME = "$(TARGET_NAME)";
			};
			name = Debug;
		};
		3B72CAC21D659ECC00BBE3FC /* Release */ = {
			isa = XCBuildConfiguration;
			baseConfigurationReference = E44E882F318DA96A25939D53 /* Pods-GooglePlaceAPI.release.xcconfig */;
			buildSettings = {
				ASSETCATALOG_COMPILER_APPICON_NAME = AppIcon;
				INFOPLIST_FILE = GooglePlaceAPI/Info.plist;
				LD_RUNPATH_SEARCH_PATHS = "$(inherited) @executable_path/Frameworks";
				PRODUCT_BUNDLE_IDENTIFIER = com.wonyeong.GooglePlaceAPI;
				PRODUCT_NAME = "$(TARGET_NAME)";
			};
			name = Release;
		};
/* End XCBuildConfiguration section */

/* Begin XCConfigurationList section */
		3B72CAA91D659ECC00BBE3FC /* Build configuration list for PBXProject "GooglePlaceAPI" */ = {
			isa = XCConfigurationList;
			buildConfigurations = (
				3B72CABE1D659ECC00BBE3FC /* Debug */,
				3B72CABF1D659ECC00BBE3FC /* Release */,
			);
			defaultConfigurationIsVisible = 0;
			defaultConfigurationName = Release;
		};
		3B72CAC01D659ECC00BBE3FC /* Build configuration list for PBXNativeTarget "GooglePlaceAPI" */ = {
			isa = XCConfigurationList;
			buildConfigurations = (
				3B72CAC11D659ECC00BBE3FC /* Debug */,
				3B72CAC21D659ECC00BBE3FC /* Release */,
			);
			defaultConfigurationIsVisible = 0;
			defaultConfigurationName = Release;
		};
/* End XCConfigurationList section */
	};
	rootObject = 3B72CAA61D659ECC00BBE3FC /* Project object */;
}
